// !$*UTF8*$!
{
	archiveVersion = 1;
	classes = {
	};
	objectVersion = 50;
	objects = {

/* Begin PBXBuildFile section */
		AB2B523025E4AF3200101FEA /* Day42.storyboard in Resources */ = {isa = PBXBuildFile; fileRef = AB2B522F25E4AF3200101FEA /* Day42.storyboard */; };
		AB2B523325E4AF4100101FEA /* Day42_ViewController.swift in Sources */ = {isa = PBXBuildFile; fileRef = AB2B523225E4AF4100101FEA /* Day42_ViewController.swift */; };
		AB2B523A25E9ED1100101FEA /* Day43.storyboard in Resources */ = {isa = PBXBuildFile; fileRef = AB2B523925E9ED1100101FEA /* Day43.storyboard */; };
		AB2B523D25E9ED1D00101FEA /* Day43_ViewController.swift in Sources */ = {isa = PBXBuildFile; fileRef = AB2B523C25E9ED1D00101FEA /* Day43_ViewController.swift */; };
		AB2B524125E9FBDA00101FEA /* VideoTexturedFace.shader in Resources */ = {isa = PBXBuildFile; fileRef = AB2B524025E9FBDA00101FEA /* VideoTexturedFace.shader */; };
		AB2B524625EA1C2A00101FEA /* Day44_ViewController.swift in Sources */ = {isa = PBXBuildFile; fileRef = AB2B524525EA1C2A00101FEA /* Day44_ViewController.swift */; };
		AB2B524925EA1C3000101FEA /* Day44.storyboard in Resources */ = {isa = PBXBuildFile; fileRef = AB2B524825EA1C3000101FEA /* Day44.storyboard */; };
		AB2B524C25EB9C6B00101FEA /* Day44_VideoTexturedFace.shader in Resources */ = {isa = PBXBuildFile; fileRef = AB2B524B25EB9C6B00101FEA /* Day44_VideoTexturedFace.shader */; };
		AB44F29826D10F1C005C0AF5 /* Day53_Shader.metal in Sources */ = {isa = PBXBuildFile; fileRef = AB44F29726D10F1C005C0AF5 /* Day53_Shader.metal */; };
		AB44F29B26D2596D005C0AF5 /* Day54_ViewController.swift in Sources */ = {isa = PBXBuildFile; fileRef = AB44F29A26D2596D005C0AF5 /* Day54_ViewController.swift */; };
		AB44F29D26D25977005C0AF5 /* Day54.storyboard in Resources */ = {isa = PBXBuildFile; fileRef = AB44F29C26D25977005C0AF5 /* Day54.storyboard */; };
		AB5BC753259F4280002EDF35 /* AppDelegate.swift in Sources */ = {isa = PBXBuildFile; fileRef = AB5BC752259F4280002EDF35 /* AppDelegate.swift */; };
		AB5BC755259F4280002EDF35 /* SceneDelegate.swift in Sources */ = {isa = PBXBuildFile; fileRef = AB5BC754259F4280002EDF35 /* SceneDelegate.swift */; };
		AB5BC757259F4280002EDF35 /* RootViewController.swift in Sources */ = {isa = PBXBuildFile; fileRef = AB5BC756259F4280002EDF35 /* RootViewController.swift */; };
		AB5BC75A259F4280002EDF35 /* Main.storyboard in Resources */ = {isa = PBXBuildFile; fileRef = AB5BC758259F4280002EDF35 /* Main.storyboard */; };
		AB5BC75C259F4282002EDF35 /* Assets.xcassets in Resources */ = {isa = PBXBuildFile; fileRef = AB5BC75B259F4282002EDF35 /* Assets.xcassets */; };
		AB5BC75F259F4282002EDF35 /* LaunchScreen.storyboard in Resources */ = {isa = PBXBuildFile; fileRef = AB5BC75D259F4282002EDF35 /* LaunchScreen.storyboard */; };
		AB5BC7A0259F68C4002EDF35 /* Day1_ViewController.swift in Sources */ = {isa = PBXBuildFile; fileRef = AB5BC796259F68C4002EDF35 /* Day1_ViewController.swift */; };
		AB5BC7A1259F68C4002EDF35 /* sample_320x240.mp4 in Resources */ = {isa = PBXBuildFile; fileRef = AB5BC797259F68C4002EDF35 /* sample_320x240.mp4 */; };
		AB5BC7A4259F68C4002EDF35 /* Day1.storyboard in Resources */ = {isa = PBXBuildFile; fileRef = AB5BC79B259F68C4002EDF35 /* Day1.storyboard */; };
		AB5BC7BF25A09B0F002EDF35 /* Day2.storyboard in Resources */ = {isa = PBXBuildFile; fileRef = AB5BC7BE25A09B0F002EDF35 /* Day2.storyboard */; };
		AB5BC7C225A09B20002EDF35 /* Day2_ViewController.swift in Sources */ = {isa = PBXBuildFile; fileRef = AB5BC7C125A09B20002EDF35 /* Day2_ViewController.swift */; };
		AB5BC7C625A09BB9002EDF35 /* Day2_shaders.metal in Sources */ = {isa = PBXBuildFile; fileRef = AB5BC7C425A09BB9002EDF35 /* Day2_shaders.metal */; };
		AB5BC7C725A09BB9002EDF35 /* PlaneNode.swift in Sources */ = {isa = PBXBuildFile; fileRef = AB5BC7C525A09BB9002EDF35 /* PlaneNode.swift */; };
		AB5BC7CE25A09BF6002EDF35 /* SCNVectorHelpers.swift in Sources */ = {isa = PBXBuildFile; fileRef = AB5BC7CB25A09BF6002EDF35 /* SCNVectorHelpers.swift */; };
		AB5BC7CF25A09BF6002EDF35 /* ScnMatrix.swift in Sources */ = {isa = PBXBuildFile; fileRef = AB5BC7CC25A09BF6002EDF35 /* ScnMatrix.swift */; };
		AB5D624325E159E1009BB647 /* Day40_ViewController.swift in Sources */ = {isa = PBXBuildFile; fileRef = AB5D624225E159E1009BB647 /* Day40_ViewController.swift */; };
		AB5D624725E159E9009BB647 /* Day40.storyboard in Resources */ = {isa = PBXBuildFile; fileRef = AB5D624625E159E9009BB647 /* Day40.storyboard */; };
		AB5D624B25E162B1009BB647 /* Day41.storyboard in Resources */ = {isa = PBXBuildFile; fileRef = AB5D624A25E162B1009BB647 /* Day41.storyboard */; };
		AB5D624E25E162C1009BB647 /* Day41_ViewController.swift in Sources */ = {isa = PBXBuildFile; fileRef = AB5D624D25E162C1009BB647 /* Day41_ViewController.swift */; };
		AB5D625D25E25AC8009BB647 /* Day11.storyboard in Resources */ = {isa = PBXBuildFile; fileRef = AB5D625C25E25AC8009BB647 /* Day11.storyboard */; };
		AB5D626025E25AD2009BB647 /* Day11_ViewController.swift in Sources */ = {isa = PBXBuildFile; fileRef = AB5D625F25E25AD2009BB647 /* Day11_ViewController.swift */; };
		AB5D626325E25AEC009BB647 /* Day11_Renderer.swift in Sources */ = {isa = PBXBuildFile; fileRef = AB5D626225E25AEC009BB647 /* Day11_Renderer.swift */; };
		AB5D626725E25D77009BB647 /* Shaders.metal in Sources */ = {isa = PBXBuildFile; fileRef = AB5D626625E25D77009BB647 /* Shaders.metal */; };
		AB5D626E25E29A44009BB647 /* Day22_ViewController.swift in Sources */ = {isa = PBXBuildFile; fileRef = AB5D626D25E29A44009BB647 /* Day22_ViewController.swift */; };
		AB5D627125E29A4B009BB647 /* Day22.storyboard in Resources */ = {isa = PBXBuildFile; fileRef = AB5D627025E29A4B009BB647 /* Day22.storyboard */; };
		AB6943942732EB6E0095A4BD /* Day60.swift in Sources */ = {isa = PBXBuildFile; fileRef = AB6943932732EB6E0095A4BD /* Day60.swift */; };
		AB6A924325F4A419008274C8 /* Day45.storyboard in Resources */ = {isa = PBXBuildFile; fileRef = AB6A924225F4A419008274C8 /* Day45.storyboard */; };
		AB6A924625F4A425008274C8 /* Day45_ViewController.swift in Sources */ = {isa = PBXBuildFile; fileRef = AB6A924525F4A425008274C8 /* Day45_ViewController.swift */; };
		AB6A924B25F50324008274C8 /* Day46_ViewController.swift in Sources */ = {isa = PBXBuildFile; fileRef = AB6A924A25F50324008274C8 /* Day46_ViewController.swift */; };
		AB6A924F25F5032D008274C8 /* Day46.storyboard in Resources */ = {isa = PBXBuildFile; fileRef = AB6A924E25F5032D008274C8 /* Day46.storyboard */; };
		AB6F8D5B25CF28E8002F34A6 /* Day31_ViewController.swift in Sources */ = {isa = PBXBuildFile; fileRef = AB6F8D5A25CF28E8002F34A6 /* Day31_ViewController.swift */; };
		AB6F8D5F25CF28F8002F34A6 /* Day31.storyboard in Resources */ = {isa = PBXBuildFile; fileRef = AB6F8D5E25CF28F8002F34A6 /* Day31.storyboard */; };
		AB6F8D7625D903CC002F34A6 /* Day36.storyboard in Resources */ = {isa = PBXBuildFile; fileRef = AB6F8D7525D903CC002F34A6 /* Day36.storyboard */; };
		AB6F8D7925D903E1002F34A6 /* Day36_ViewController.swift in Sources */ = {isa = PBXBuildFile; fileRef = AB6F8D7825D903E1002F34A6 /* Day36_ViewController.swift */; };
		AB6F8D8125D955E3002F34A6 /* Day37.storyboard in Resources */ = {isa = PBXBuildFile; fileRef = AB6F8D8025D955E3002F34A6 /* Day37.storyboard */; };
		AB6F8D8425D955F1002F34A6 /* Day37_ViewController.swift in Sources */ = {isa = PBXBuildFile; fileRef = AB6F8D8325D955F1002F34A6 /* Day37_ViewController.swift */; };
		AB6F8D8825D95692002F34A6 /* Day37_Renderer.swift in Sources */ = {isa = PBXBuildFile; fileRef = AB6F8D8725D95692002F34A6 /* Day37_Renderer.swift */; };
		AB6F8D9625D958EB002F34A6 /* Shaders.metal in Sources */ = {isa = PBXBuildFile; fileRef = AB6F8D9525D958EB002F34A6 /* Shaders.metal */; };
		AB6F8DA025D977C8002F34A6 /* Day38.storyboard in Resources */ = {isa = PBXBuildFile; fileRef = AB6F8D9F25D977C8002F34A6 /* Day38.storyboard */; };
		AB6F8DA325D977D7002F34A6 /* Day38_ViewController.swift in Sources */ = {isa = PBXBuildFile; fileRef = AB6F8DA225D977D7002F34A6 /* Day38_ViewController.swift */; };
		AB7749D525A63577001900F1 /* Day6_ViewController.swift in Sources */ = {isa = PBXBuildFile; fileRef = AB7749D425A63577001900F1 /* Day6_ViewController.swift */; };
		AB7749D925A63582001900F1 /* Day6.storyboard in Resources */ = {isa = PBXBuildFile; fileRef = AB7749D825A63582001900F1 /* Day6.storyboard */; };
		AB774A0125ACF2E5001900F1 /* Day10_Renderer.swift in Sources */ = {isa = PBXBuildFile; fileRef = AB7749FD25ACF2E5001900F1 /* Day10_Renderer.swift */; };
		AB774A0225ACF2E5001900F1 /* Day10_Shaders.metal in Sources */ = {isa = PBXBuildFile; fileRef = AB7749FE25ACF2E5001900F1 /* Day10_Shaders.metal */; };
		AB774A0325ACF2E5001900F1 /* Day10_ViewController.swift in Sources */ = {isa = PBXBuildFile; fileRef = AB7749FF25ACF2E5001900F1 /* Day10_ViewController.swift */; };
		AB774A0425ACF2E5001900F1 /* Day10.storyboard in Resources */ = {isa = PBXBuildFile; fileRef = AB774A0025ACF2E5001900F1 /* Day10.storyboard */; };
		AB846BF9271322CB00345D3F /* Day56.storyboard in Resources */ = {isa = PBXBuildFile; fileRef = AB846BF8271322CB00345D3F /* Day56.storyboard */; };
		AB846BFB271322D700345D3F /* Day56_ViewController.swift in Sources */ = {isa = PBXBuildFile; fileRef = AB846BFA271322D700345D3F /* Day56_ViewController.swift */; };
		AB846BFF271326DB00345D3F /* PointCloudRenderer.swift in Sources */ = {isa = PBXBuildFile; fileRef = AB846BFC271326DB00345D3F /* PointCloudRenderer.swift */; };
		AB846C00271326DB00345D3F /* PointCloudShaders.metal in Sources */ = {isa = PBXBuildFile; fileRef = AB846BFE271326DB00345D3F /* PointCloudShaders.metal */; };
		AB89116B26936FB300FFA03B /* Day52_ViewController.swift in Sources */ = {isa = PBXBuildFile; fileRef = AB89116A26936FB300FFA03B /* Day52_ViewController.swift */; };
		AB89116F26936FC100FFA03B /* Day52.storyboard in Resources */ = {isa = PBXBuildFile; fileRef = AB89116E26936FC100FFA03B /* Day52.storyboard */; };
		AB89117426948D3200FFA03B /* Day53.storyboard in Resources */ = {isa = PBXBuildFile; fileRef = AB89117326948D3200FFA03B /* Day53.storyboard */; };
		AB89117726948D3E00FFA03B /* Day53_ViewController.swift in Sources */ = {isa = PBXBuildFile; fileRef = AB89117626948D3E00FFA03B /* Day53_ViewController.swift */; };
		AB9FA57125B9B57100AA3AA1 /* Day18.storyboard in Resources */ = {isa = PBXBuildFile; fileRef = AB9FA57025B9B57100AA3AA1 /* Day18.storyboard */; };
		AB9FA57425B9B58600AA3AA1 /* Day18_ViewController.swift in Sources */ = {isa = PBXBuildFile; fileRef = AB9FA57325B9B58600AA3AA1 /* Day18_ViewController.swift */; };
		ABA34D0827271CF9001E28CC /* Day57_ViewController.swift in Sources */ = {isa = PBXBuildFile; fileRef = ABA34D0727271CF9001E28CC /* Day57_ViewController.swift */; };
		ABA34D0A27272138001E28CC /* Day57.storyboard in Resources */ = {isa = PBXBuildFile; fileRef = ABA34D0927272138001E28CC /* Day57.storyboard */; };
		ABA34D0F2729D791001E28CC /* Day58_ViewController.swift in Sources */ = {isa = PBXBuildFile; fileRef = ABA34D0E2729D791001E28CC /* Day58_ViewController.swift */; };
		ABA34D11272A828B001E28CC /* Day58.storyboard in Resources */ = {isa = PBXBuildFile; fileRef = ABA34D10272A828B001E28CC /* Day58.storyboard */; };
		ABA34D13272A82FA001E28CC /* Day58_MPCSession.swift in Sources */ = {isa = PBXBuildFile; fileRef = ABA34D12272A82FA001E28CC /* Day58_MPCSession.swift */; };
		ABA34D16272AE90A001E28CC /* Day59.storyboard in Resources */ = {isa = PBXBuildFile; fileRef = ABA34D15272AE90A001E28CC /* Day59.storyboard */; };
		ABA34D18272AE910001E28CC /* Day59_ViewController.swift in Sources */ = {isa = PBXBuildFile; fileRef = ABA34D17272AE910001E28CC /* Day59_ViewController.swift */; };
		ABA34D1A272AE939001E28CC /* Day59_MPCSession.swift in Sources */ = {isa = PBXBuildFile; fileRef = ABA34D19272AE939001E28CC /* Day59_MPCSession.swift */; };
		ABA60F6D26EF17DD00C5E506 /* Day55.storyboard in Resources */ = {isa = PBXBuildFile; fileRef = ABA60F6B26EF17DD00C5E506 /* Day55.storyboard */; };
		ABA60F6E26EF17DD00C5E506 /* Day55_ViewController.swift in Sources */ = {isa = PBXBuildFile; fileRef = ABA60F6C26EF17DD00C5E506 /* Day55_ViewController.swift */; };
		ABCC482C26546F2100199A4B /* Day51.storyboard in Resources */ = {isa = PBXBuildFile; fileRef = ABCC482B26546F2100199A4B /* Day51.storyboard */; };
		ABCC482F26546F3100199A4B /* Day51_ViewController.swift in Sources */ = {isa = PBXBuildFile; fileRef = ABCC482E26546F3100199A4B /* Day51_ViewController.swift */; };
		ABCC4832265516EF00199A4B /* FaceTextureGenerator.swift in Sources */ = {isa = PBXBuildFile; fileRef = ABCC4831265516EF00199A4B /* FaceTextureGenerator.swift */; };
		ABCC4835265517D200199A4B /* Day51.metal in Sources */ = {isa = PBXBuildFile; fileRef = ABCC4834265517D200199A4B /* Day51.metal */; };
		ABDCDDF02607AB2500EB4555 /* Day47.storyboard in Resources */ = {isa = PBXBuildFile; fileRef = ABDCDDEF2607AB2500EB4555 /* Day47.storyboard */; };
		ABDCDDF32607AB3100EB4555 /* Day47_ViewController.swift in Sources */ = {isa = PBXBuildFile; fileRef = ABDCDDF22607AB3100EB4555 /* Day47_ViewController.swift */; };
		ABDCDDF82607B22300EB4555 /* camera_click_001.wav in Resources */ = {isa = PBXBuildFile; fileRef = ABDCDDF72607B22300EB4555 /* camera_click_001.wav */; };
		ABDCDDFB2607B27C00EB4555 /* impact-001.wav in Resources */ = {isa = PBXBuildFile; fileRef = ABDCDDFA2607B27C00EB4555 /* impact-001.wav */; };
		ABDCDDFF2607DB2E00EB4555 /* Day48.storyboard in Resources */ = {isa = PBXBuildFile; fileRef = ABDCDDFE2607DB2E00EB4555 /* Day48.storyboard */; };
		ABDCDE022607DB3A00EB4555 /* Day48_ViewController.swift in Sources */ = {isa = PBXBuildFile; fileRef = ABDCDE012607DB3A00EB4555 /* Day48_ViewController.swift */; };
		ABDCDE122610F3FE00EB4555 /* Day50.storyboard in Resources */ = {isa = PBXBuildFile; fileRef = ABDCDE112610F3FE00EB4555 /* Day50.storyboard */; };
		ABDCDE152610F40B00EB4555 /* Day50_ViewController.swift in Sources */ = {isa = PBXBuildFile; fileRef = ABDCDE142610F40B00EB4555 /* Day50_ViewController.swift */; };
		ABDCDE1C26146AD500EB4555 /* live_001.mp4 in Resources */ = {isa = PBXBuildFile; fileRef = ABDCDE1B26146AD500EB4555 /* live_001.mp4 */; };
		ABE19FC425BBE6E50034AC0A /* Day20.storyboard in Resources */ = {isa = PBXBuildFile; fileRef = ABE19FC325BBE6E50034AC0A /* Day20.storyboard */; };
		ABE19FC725BBE6F90034AC0A /* Day20_ViewController.swift in Sources */ = {isa = PBXBuildFile; fileRef = ABE19FC625BBE6F90034AC0A /* Day20_ViewController.swift */; };
		ABE19FCD25BBE86D0034AC0A /* Voxels.swift in Sources */ = {isa = PBXBuildFile; fileRef = ABE19FC925BBE86D0034AC0A /* Voxels.swift */; };
		ABE19FCE25BBE86D0034AC0A /* Voxel.swift in Sources */ = {isa = PBXBuildFile; fileRef = ABE19FCA25BBE86D0034AC0A /* Voxel.swift */; };
		ABE19FCF25BBE86D0034AC0A /* VoxelCursor.swift in Sources */ = {isa = PBXBuildFile; fileRef = ABE19FCB25BBE86D0034AC0A /* VoxelCursor.swift */; };
		ABE19FD025BBE86D0034AC0A /* VoxelEntity.swift in Sources */ = {isa = PBXBuildFile; fileRef = ABE19FCC25BBE86D0034AC0A /* VoxelEntity.swift */; };
		ABE19FD325BBEABD0034AC0A /* ScreenBuffer.swift in Sources */ = {isa = PBXBuildFile; fileRef = ABE19FD225BBEABD0034AC0A /* ScreenBuffer.swift */; };
		ABE19FD625BBF2930034AC0A /* GameManager.swift in Sources */ = {isa = PBXBuildFile; fileRef = ABE19FD525BBF2920034AC0A /* GameManager.swift */; };
		ABE19FDA25BC21230034AC0A /* InputSystem.swift in Sources */ = {isa = PBXBuildFile; fileRef = ABE19FD825BC21230034AC0A /* InputSystem.swift */; };
		ABE19FFC25BC2E5A0034AC0A /* voxelBaseColor.png in Resources */ = {isa = PBXBuildFile; fileRef = ABE19FF625BC2E5A0034AC0A /* voxelBaseColor.png */; };
		ABE19FFD25BC2E5A0034AC0A /* voxelMetallic.png in Resources */ = {isa = PBXBuildFile; fileRef = ABE19FF725BC2E5A0034AC0A /* voxelMetallic.png */; };
		ABE19FFE25BC2E5A0034AC0A /* voxelRoughness.png in Resources */ = {isa = PBXBuildFile; fileRef = ABE19FF825BC2E5A0034AC0A /* voxelRoughness.png */; };
		ABE19FFF25BC2E5A0034AC0A /* Voxel_White.usdz in Resources */ = {isa = PBXBuildFile; fileRef = ABE19FFA25BC2E5A0034AC0A /* Voxel_White.usdz */; };
		ABE1A00025BC2E5A0034AC0A /* Voxel_Cage.usdz in Resources */ = {isa = PBXBuildFile; fileRef = ABE19FFB25BC2E5A0034AC0A /* Voxel_Cage.usdz */; };
		ABE1A00A25BC686D0034AC0A /* Day21_ViewController.swift in Sources */ = {isa = PBXBuildFile; fileRef = ABE1A00925BC686D0034AC0A /* Day21_ViewController.swift */; };
		ABE1A00E25BC68800034AC0A /* Day21.storyboard in Resources */ = {isa = PBXBuildFile; fileRef = ABE1A00D25BC68800034AC0A /* Day21.storyboard */; };
		ABE1A01225BC6E770034AC0A /* Day21_GameManager.swift in Sources */ = {isa = PBXBuildFile; fileRef = ABE1A01025BC6E770034AC0A /* Day21_GameManager.swift */; };
		ABE1A01325BC6E770034AC0A /* Day21_Classifications.swift in Sources */ = {isa = PBXBuildFile; fileRef = ABE1A01125BC6E770034AC0A /* Day21_Classifications.swift */; };
		ABE1A02625BC72680034AC0A /* Day21_RadarMap.swift in Sources */ = {isa = PBXBuildFile; fileRef = ABE1A01F25BC72680034AC0A /* Day21_RadarMap.swift */; };
		ABE1A03125BC72AF0034AC0A /* MetalParticles.swift in Sources */ = {isa = PBXBuildFile; fileRef = ABE1A02B25BC72AF0034AC0A /* MetalParticles.swift */; };
		ABE1A03225BC72AF0034AC0A /* MetalRenderer.swift in Sources */ = {isa = PBXBuildFile; fileRef = ABE1A02C25BC72AF0034AC0A /* MetalRenderer.swift */; };
		ABE1A03325BC72AF0034AC0A /* Shaders.metal in Sources */ = {isa = PBXBuildFile; fileRef = ABE1A02E25BC72AF0034AC0A /* Shaders.metal */; };
		ABE1A03425BC72AF0034AC0A /* MetalModel.swift in Sources */ = {isa = PBXBuildFile; fileRef = ABE1A03025BC72AF0034AC0A /* MetalModel.swift */; };
		ABE1A06225BC864C0034AC0A /* cone.usdz in Resources */ = {isa = PBXBuildFile; fileRef = ABE1A06125BC864C0034AC0A /* cone.usdz */; };
		ABE1A06D25BC89E00034AC0A /* Extensions.swift in Sources */ = {isa = PBXBuildFile; fileRef = ABE1A06A25BC89E00034AC0A /* Extensions.swift */; };
		ABE1A06E25BC89E00034AC0A /* OSLog+Helpers.swift in Sources */ = {isa = PBXBuildFile; fileRef = ABE1A06B25BC89E00034AC0A /* OSLog+Helpers.swift */; };
		ABE1A06F25BC89E00034AC0A /* Easing.swift in Sources */ = {isa = PBXBuildFile; fileRef = ABE1A06C25BC89E00034AC0A /* Easing.swift */; };
		ABE1A07425BC91570034AC0A /* RealityKit+Helpers.swift in Sources */ = {isa = PBXBuildFile; fileRef = ABE1A07225BC91570034AC0A /* RealityKit+Helpers.swift */; };
		ABE1A07525BC91570034AC0A /* HelperFunctions.swift in Sources */ = {isa = PBXBuildFile; fileRef = ABE1A07325BC91570034AC0A /* HelperFunctions.swift */; };
		ABE952BB25A3742000050AEC /* Day3.rcproject in Sources */ = {isa = PBXBuildFile; fileRef = ABE952BA25A3742000050AEC /* Day3.rcproject */; };
		ABE952BF25A3745200050AEC /* Day4.storyboard in Resources */ = {isa = PBXBuildFile; fileRef = ABE952BE25A3745200050AEC /* Day4.storyboard */; };
		ABE952C225A3747700050AEC /* Day4_ViewController.swift in Sources */ = {isa = PBXBuildFile; fileRef = ABE952C125A3747700050AEC /* Day4_ViewController.swift */; };
		ABE952C525A374BD00050AEC /* Day4_Renderer.swift in Sources */ = {isa = PBXBuildFile; fileRef = ABE952C425A374BD00050AEC /* Day4_Renderer.swift */; };
		ABE952C925A3750000050AEC /* Day4_shaders.metal in Sources */ = {isa = PBXBuildFile; fileRef = ABE952C825A3750000050AEC /* Day4_shaders.metal */; };
		ABE952CC25A375B500050AEC /* DataSource.swift in Sources */ = {isa = PBXBuildFile; fileRef = ABE952CB25A375B500050AEC /* DataSource.swift */; };
		ABE952DB25A51C8300050AEC /* Day5_ViewController.swift in Sources */ = {isa = PBXBuildFile; fileRef = ABE952DA25A51C8300050AEC /* Day5_ViewController.swift */; };
		ABE952DE25A51C9700050AEC /* Day5.storyboard in Resources */ = {isa = PBXBuildFile; fileRef = ABE952DD25A51C9700050AEC /* Day5.storyboard */; };
		ABE952E425A51D4600050AEC /* Day5_Shaders.metal in Sources */ = {isa = PBXBuildFile; fileRef = ABE952E025A51D4600050AEC /* Day5_Shaders.metal */; };
		ABE952E525A51D4600050AEC /* Day5_Renderer.swift in Sources */ = {isa = PBXBuildFile; fileRef = ABE952E125A51D4600050AEC /* Day5_Renderer.swift */; };
		ABF68E8325C5C70D007C9BB7 /* Day26_ViewController.swift in Sources */ = {isa = PBXBuildFile; fileRef = ABF68E8225C5C70D007C9BB7 /* Day26_ViewController.swift */; };
		ABF68E8625C5C718007C9BB7 /* Day26.storyboard in Resources */ = {isa = PBXBuildFile; fileRef = ABF68E8525C5C718007C9BB7 /* Day26.storyboard */; };
		ABF68E8B25C5D6D8007C9BB7 /* Day27.storyboard in Resources */ = {isa = PBXBuildFile; fileRef = ABF68E8A25C5D6D8007C9BB7 /* Day27.storyboard */; };
		ABF68E8E25C5D6EA007C9BB7 /* Day27_ViewController.swift in Sources */ = {isa = PBXBuildFile; fileRef = ABF68E8D25C5D6EA007C9BB7 /* Day27_ViewController.swift */; };
		ABF68E9825C69405007C9BB7 /* Day28_ViewController.swift in Sources */ = {isa = PBXBuildFile; fileRef = ABF68E9725C69405007C9BB7 /* Day28_ViewController.swift */; };
		ABF68E9C25C6940E007C9BB7 /* Day28.storyboard in Resources */ = {isa = PBXBuildFile; fileRef = ABF68E9B25C6940E007C9BB7 /* Day28.storyboard */; };
		ABF68EA025C6B20C007C9BB7 /* splash.png in Resources */ = {isa = PBXBuildFile; fileRef = ABF68E9E25C6B20C007C9BB7 /* splash.png */; };
		ABF68EA125C6B20C007C9BB7 /* wood-normal.png in Resources */ = {isa = PBXBuildFile; fileRef = ABF68E9F25C6B20C007C9BB7 /* wood-normal.png */; };
		ABF68EA925C6B988007C9BB7 /* SceneKitAssets.scnassets in Resources */ = {isa = PBXBuildFile; fileRef = ABF68EA825C6B988007C9BB7 /* SceneKitAssets.scnassets */; };
		ABF68EAC25C6BCC0007C9BB7 /* wood.png in Resources */ = {isa = PBXBuildFile; fileRef = ABF68EAB25C6BCC0007C9BB7 /* wood.png */; };
/* End PBXBuildFile section */

/* Begin PBXFileReference section */
		AB2B522F25E4AF3200101FEA /* Day42.storyboard */ = {isa = PBXFileReference; lastKnownFileType = file.storyboard; path = Day42.storyboard; sourceTree = "<group>"; };
		AB2B523225E4AF4100101FEA /* Day42_ViewController.swift */ = {isa = PBXFileReference; lastKnownFileType = sourcecode.swift; path = Day42_ViewController.swift; sourceTree = "<group>"; };
		AB2B523925E9ED1100101FEA /* Day43.storyboard */ = {isa = PBXFileReference; lastKnownFileType = file.storyboard; path = Day43.storyboard; sourceTree = "<group>"; };
		AB2B523C25E9ED1D00101FEA /* Day43_ViewController.swift */ = {isa = PBXFileReference; lastKnownFileType = sourcecode.swift; path = Day43_ViewController.swift; sourceTree = "<group>"; };
		AB2B524025E9FBDA00101FEA /* VideoTexturedFace.shader */ = {isa = PBXFileReference; fileEncoding = 4; lastKnownFileType = text; path = VideoTexturedFace.shader; sourceTree = "<group>"; };
		AB2B524525EA1C2A00101FEA /* Day44_ViewController.swift */ = {isa = PBXFileReference; lastKnownFileType = sourcecode.swift; path = Day44_ViewController.swift; sourceTree = "<group>"; };
		AB2B524825EA1C3000101FEA /* Day44.storyboard */ = {isa = PBXFileReference; lastKnownFileType = file.storyboard; path = Day44.storyboard; sourceTree = "<group>"; };
		AB2B524B25EB9C6B00101FEA /* Day44_VideoTexturedFace.shader */ = {isa = PBXFileReference; fileEncoding = 4; lastKnownFileType = text; path = Day44_VideoTexturedFace.shader; sourceTree = "<group>"; };
		AB44F29726D10F1C005C0AF5 /* Day53_Shader.metal */ = {isa = PBXFileReference; lastKnownFileType = sourcecode.metal; path = Day53_Shader.metal; sourceTree = "<group>"; };
		AB44F29A26D2596D005C0AF5 /* Day54_ViewController.swift */ = {isa = PBXFileReference; lastKnownFileType = sourcecode.swift; path = Day54_ViewController.swift; sourceTree = "<group>"; };
		AB44F29C26D25977005C0AF5 /* Day54.storyboard */ = {isa = PBXFileReference; lastKnownFileType = file.storyboard; path = Day54.storyboard; sourceTree = "<group>"; };
		AB5BC74F259F4280002EDF35 /* AR_100Days.app */ = {isa = PBXFileReference; explicitFileType = wrapper.application; includeInIndex = 0; path = AR_100Days.app; sourceTree = BUILT_PRODUCTS_DIR; };
		AB5BC752259F4280002EDF35 /* AppDelegate.swift */ = {isa = PBXFileReference; lastKnownFileType = sourcecode.swift; path = AppDelegate.swift; sourceTree = "<group>"; };
		AB5BC754259F4280002EDF35 /* SceneDelegate.swift */ = {isa = PBXFileReference; lastKnownFileType = sourcecode.swift; path = SceneDelegate.swift; sourceTree = "<group>"; };
		AB5BC756259F4280002EDF35 /* RootViewController.swift */ = {isa = PBXFileReference; lastKnownFileType = sourcecode.swift; path = RootViewController.swift; sourceTree = "<group>"; };
		AB5BC759259F4280002EDF35 /* Base */ = {isa = PBXFileReference; lastKnownFileType = file.storyboard; name = Base; path = Base.lproj/Main.storyboard; sourceTree = "<group>"; };
		AB5BC75B259F4282002EDF35 /* Assets.xcassets */ = {isa = PBXFileReference; lastKnownFileType = folder.assetcatalog; path = Assets.xcassets; sourceTree = "<group>"; };
		AB5BC75E259F4282002EDF35 /* Base */ = {isa = PBXFileReference; lastKnownFileType = file.storyboard; name = Base; path = Base.lproj/LaunchScreen.storyboard; sourceTree = "<group>"; };
		AB5BC760259F4282002EDF35 /* Info.plist */ = {isa = PBXFileReference; lastKnownFileType = text.plist.xml; path = Info.plist; sourceTree = "<group>"; };
		AB5BC796259F68C4002EDF35 /* Day1_ViewController.swift */ = {isa = PBXFileReference; fileEncoding = 4; lastKnownFileType = sourcecode.swift; path = Day1_ViewController.swift; sourceTree = "<group>"; };
		AB5BC797259F68C4002EDF35 /* sample_320x240.mp4 */ = {isa = PBXFileReference; lastKnownFileType = file; path = sample_320x240.mp4; sourceTree = "<group>"; };
		AB5BC79C259F68C4002EDF35 /* Base */ = {isa = PBXFileReference; lastKnownFileType = file.storyboard; name = Base; path = Base.lproj/Day1.storyboard; sourceTree = "<group>"; };
		AB5BC7BE25A09B0F002EDF35 /* Day2.storyboard */ = {isa = PBXFileReference; lastKnownFileType = file.storyboard; path = Day2.storyboard; sourceTree = "<group>"; };
		AB5BC7C125A09B20002EDF35 /* Day2_ViewController.swift */ = {isa = PBXFileReference; lastKnownFileType = sourcecode.swift; path = Day2_ViewController.swift; sourceTree = "<group>"; };
		AB5BC7C425A09BB9002EDF35 /* Day2_shaders.metal */ = {isa = PBXFileReference; fileEncoding = 4; lastKnownFileType = sourcecode.metal; path = Day2_shaders.metal; sourceTree = "<group>"; };
		AB5BC7C525A09BB9002EDF35 /* PlaneNode.swift */ = {isa = PBXFileReference; fileEncoding = 4; lastKnownFileType = sourcecode.swift; path = PlaneNode.swift; sourceTree = "<group>"; };
		AB5BC7CB25A09BF6002EDF35 /* SCNVectorHelpers.swift */ = {isa = PBXFileReference; fileEncoding = 4; lastKnownFileType = sourcecode.swift; path = SCNVectorHelpers.swift; sourceTree = "<group>"; };
		AB5BC7CC25A09BF6002EDF35 /* ScnMatrix.swift */ = {isa = PBXFileReference; fileEncoding = 4; lastKnownFileType = sourcecode.swift; path = ScnMatrix.swift; sourceTree = "<group>"; };
		AB5D624225E159E1009BB647 /* Day40_ViewController.swift */ = {isa = PBXFileReference; lastKnownFileType = sourcecode.swift; path = Day40_ViewController.swift; sourceTree = "<group>"; };
		AB5D624625E159E9009BB647 /* Day40.storyboard */ = {isa = PBXFileReference; lastKnownFileType = file.storyboard; path = Day40.storyboard; sourceTree = "<group>"; };
		AB5D624A25E162B1009BB647 /* Day41.storyboard */ = {isa = PBXFileReference; lastKnownFileType = file.storyboard; path = Day41.storyboard; sourceTree = "<group>"; };
		AB5D624D25E162C1009BB647 /* Day41_ViewController.swift */ = {isa = PBXFileReference; lastKnownFileType = sourcecode.swift; path = Day41_ViewController.swift; sourceTree = "<group>"; };
		AB5D625C25E25AC8009BB647 /* Day11.storyboard */ = {isa = PBXFileReference; lastKnownFileType = file.storyboard; path = Day11.storyboard; sourceTree = "<group>"; };
		AB5D625F25E25AD2009BB647 /* Day11_ViewController.swift */ = {isa = PBXFileReference; lastKnownFileType = sourcecode.swift; path = Day11_ViewController.swift; sourceTree = "<group>"; };
		AB5D626225E25AEC009BB647 /* Day11_Renderer.swift */ = {isa = PBXFileReference; lastKnownFileType = sourcecode.swift; path = Day11_Renderer.swift; sourceTree = "<group>"; };
		AB5D626525E25D77009BB647 /* Day11_ShaderTypes.h */ = {isa = PBXFileReference; fileEncoding = 4; lastKnownFileType = sourcecode.c.h; path = Day11_ShaderTypes.h; sourceTree = "<group>"; };
		AB5D626625E25D77009BB647 /* Shaders.metal */ = {isa = PBXFileReference; fileEncoding = 4; lastKnownFileType = sourcecode.metal; path = Shaders.metal; sourceTree = "<group>"; };
		AB5D626D25E29A44009BB647 /* Day22_ViewController.swift */ = {isa = PBXFileReference; lastKnownFileType = sourcecode.swift; path = Day22_ViewController.swift; sourceTree = "<group>"; };
		AB5D627025E29A4B009BB647 /* Day22.storyboard */ = {isa = PBXFileReference; lastKnownFileType = file.storyboard; path = Day22.storyboard; sourceTree = "<group>"; };
		AB6943932732EB6E0095A4BD /* Day60.swift */ = {isa = PBXFileReference; lastKnownFileType = sourcecode.swift; path = Day60.swift; sourceTree = "<group>"; };
		AB6A924225F4A419008274C8 /* Day45.storyboard */ = {isa = PBXFileReference; lastKnownFileType = file.storyboard; path = Day45.storyboard; sourceTree = "<group>"; };
		AB6A924525F4A425008274C8 /* Day45_ViewController.swift */ = {isa = PBXFileReference; lastKnownFileType = sourcecode.swift; path = Day45_ViewController.swift; sourceTree = "<group>"; };
		AB6A924A25F50324008274C8 /* Day46_ViewController.swift */ = {isa = PBXFileReference; lastKnownFileType = sourcecode.swift; path = Day46_ViewController.swift; sourceTree = "<group>"; };
		AB6A924E25F5032D008274C8 /* Day46.storyboard */ = {isa = PBXFileReference; lastKnownFileType = file.storyboard; path = Day46.storyboard; sourceTree = "<group>"; };
		AB6F8D5A25CF28E8002F34A6 /* Day31_ViewController.swift */ = {isa = PBXFileReference; lastKnownFileType = sourcecode.swift; path = Day31_ViewController.swift; sourceTree = "<group>"; };
		AB6F8D5E25CF28F8002F34A6 /* Day31.storyboard */ = {isa = PBXFileReference; lastKnownFileType = file.storyboard; path = Day31.storyboard; sourceTree = "<group>"; };
		AB6F8D7525D903CC002F34A6 /* Day36.storyboard */ = {isa = PBXFileReference; lastKnownFileType = file.storyboard; path = Day36.storyboard; sourceTree = "<group>"; };
		AB6F8D7825D903E1002F34A6 /* Day36_ViewController.swift */ = {isa = PBXFileReference; lastKnownFileType = sourcecode.swift; path = Day36_ViewController.swift; sourceTree = "<group>"; };
		AB6F8D8025D955E3002F34A6 /* Day37.storyboard */ = {isa = PBXFileReference; lastKnownFileType = file.storyboard; path = Day37.storyboard; sourceTree = "<group>"; };
		AB6F8D8325D955F1002F34A6 /* Day37_ViewController.swift */ = {isa = PBXFileReference; lastKnownFileType = sourcecode.swift; path = Day37_ViewController.swift; sourceTree = "<group>"; };
		AB6F8D8725D95692002F34A6 /* Day37_Renderer.swift */ = {isa = PBXFileReference; lastKnownFileType = sourcecode.swift; path = Day37_Renderer.swift; sourceTree = "<group>"; };
		AB6F8D9325D958E1002F34A6 /* Day37_ShaderTypes.h */ = {isa = PBXFileReference; fileEncoding = 4; lastKnownFileType = sourcecode.c.h; path = Day37_ShaderTypes.h; sourceTree = "<group>"; };
		AB6F8D9525D958EB002F34A6 /* Shaders.metal */ = {isa = PBXFileReference; fileEncoding = 4; lastKnownFileType = sourcecode.metal; path = Shaders.metal; sourceTree = "<group>"; };
		AB6F8D9F25D977C8002F34A6 /* Day38.storyboard */ = {isa = PBXFileReference; lastKnownFileType = file.storyboard; path = Day38.storyboard; sourceTree = "<group>"; };
		AB6F8DA225D977D7002F34A6 /* Day38_ViewController.swift */ = {isa = PBXFileReference; lastKnownFileType = sourcecode.swift; path = Day38_ViewController.swift; sourceTree = "<group>"; };
		AB7749D425A63577001900F1 /* Day6_ViewController.swift */ = {isa = PBXFileReference; lastKnownFileType = sourcecode.swift; path = Day6_ViewController.swift; sourceTree = "<group>"; };
		AB7749D825A63582001900F1 /* Day6.storyboard */ = {isa = PBXFileReference; lastKnownFileType = file.storyboard; path = Day6.storyboard; sourceTree = "<group>"; };
		AB7749F125ACEA60001900F1 /* ShaderTypes.h */ = {isa = PBXFileReference; fileEncoding = 4; lastKnownFileType = sourcecode.c.h; path = ShaderTypes.h; sourceTree = "<group>"; };
		AB7749FD25ACF2E5001900F1 /* Day10_Renderer.swift */ = {isa = PBXFileReference; fileEncoding = 4; lastKnownFileType = sourcecode.swift; path = Day10_Renderer.swift; sourceTree = "<group>"; };
		AB7749FE25ACF2E5001900F1 /* Day10_Shaders.metal */ = {isa = PBXFileReference; fileEncoding = 4; lastKnownFileType = sourcecode.metal; path = Day10_Shaders.metal; sourceTree = "<group>"; };
		AB7749FF25ACF2E5001900F1 /* Day10_ViewController.swift */ = {isa = PBXFileReference; fileEncoding = 4; lastKnownFileType = sourcecode.swift; path = Day10_ViewController.swift; sourceTree = "<group>"; };
		AB774A0025ACF2E5001900F1 /* Day10.storyboard */ = {isa = PBXFileReference; fileEncoding = 4; lastKnownFileType = file.storyboard; path = Day10.storyboard; sourceTree = "<group>"; };
		AB846BF8271322CB00345D3F /* Day56.storyboard */ = {isa = PBXFileReference; lastKnownFileType = file.storyboard; path = Day56.storyboard; sourceTree = "<group>"; };
		AB846BFA271322D700345D3F /* Day56_ViewController.swift */ = {isa = PBXFileReference; lastKnownFileType = sourcecode.swift; path = Day56_ViewController.swift; sourceTree = "<group>"; };
		AB846BFC271326DB00345D3F /* PointCloudRenderer.swift */ = {isa = PBXFileReference; fileEncoding = 4; lastKnownFileType = sourcecode.swift; path = PointCloudRenderer.swift; sourceTree = "<group>"; };
		AB846BFD271326DB00345D3F /* Day56_ShaderTypes.h */ = {isa = PBXFileReference; fileEncoding = 4; lastKnownFileType = sourcecode.c.h; path = Day56_ShaderTypes.h; sourceTree = "<group>"; };
		AB846BFE271326DB00345D3F /* PointCloudShaders.metal */ = {isa = PBXFileReference; fileEncoding = 4; lastKnownFileType = sourcecode.metal; path = PointCloudShaders.metal; sourceTree = "<group>"; };
		AB89116A26936FB300FFA03B /* Day52_ViewController.swift */ = {isa = PBXFileReference; lastKnownFileType = sourcecode.swift; path = Day52_ViewController.swift; sourceTree = "<group>"; };
		AB89116E26936FC100FFA03B /* Day52.storyboard */ = {isa = PBXFileReference; lastKnownFileType = file.storyboard; path = Day52.storyboard; sourceTree = "<group>"; };
		AB89117326948D3200FFA03B /* Day53.storyboard */ = {isa = PBXFileReference; lastKnownFileType = file.storyboard; path = Day53.storyboard; sourceTree = "<group>"; };
		AB89117626948D3E00FFA03B /* Day53_ViewController.swift */ = {isa = PBXFileReference; lastKnownFileType = sourcecode.swift; path = Day53_ViewController.swift; sourceTree = "<group>"; };
		AB9FA57025B9B57100AA3AA1 /* Day18.storyboard */ = {isa = PBXFileReference; lastKnownFileType = file.storyboard; path = Day18.storyboard; sourceTree = "<group>"; };
		AB9FA57325B9B58600AA3AA1 /* Day18_ViewController.swift */ = {isa = PBXFileReference; lastKnownFileType = sourcecode.swift; path = Day18_ViewController.swift; sourceTree = "<group>"; };
		ABA34D0727271CF9001E28CC /* Day57_ViewController.swift */ = {isa = PBXFileReference; lastKnownFileType = sourcecode.swift; path = Day57_ViewController.swift; sourceTree = "<group>"; };
		ABA34D0927272138001E28CC /* Day57.storyboard */ = {isa = PBXFileReference; lastKnownFileType = file.storyboard; path = Day57.storyboard; sourceTree = "<group>"; };
		ABA34D0E2729D791001E28CC /* Day58_ViewController.swift */ = {isa = PBXFileReference; lastKnownFileType = sourcecode.swift; path = Day58_ViewController.swift; sourceTree = "<group>"; };
		ABA34D10272A828B001E28CC /* Day58.storyboard */ = {isa = PBXFileReference; lastKnownFileType = file.storyboard; path = Day58.storyboard; sourceTree = "<group>"; };
		ABA34D12272A82FA001E28CC /* Day58_MPCSession.swift */ = {isa = PBXFileReference; fileEncoding = 4; lastKnownFileType = sourcecode.swift; path = Day58_MPCSession.swift; sourceTree = "<group>"; };
		ABA34D15272AE90A001E28CC /* Day59.storyboard */ = {isa = PBXFileReference; lastKnownFileType = file.storyboard; path = Day59.storyboard; sourceTree = "<group>"; };
		ABA34D17272AE910001E28CC /* Day59_ViewController.swift */ = {isa = PBXFileReference; lastKnownFileType = sourcecode.swift; path = Day59_ViewController.swift; sourceTree = "<group>"; };
		ABA34D19272AE939001E28CC /* Day59_MPCSession.swift */ = {isa = PBXFileReference; fileEncoding = 4; lastKnownFileType = sourcecode.swift; path = Day59_MPCSession.swift; sourceTree = "<group>"; };
		ABA60F6B26EF17DD00C5E506 /* Day55.storyboard */ = {isa = PBXFileReference; fileEncoding = 4; lastKnownFileType = file.storyboard; path = Day55.storyboard; sourceTree = "<group>"; };
		ABA60F6C26EF17DD00C5E506 /* Day55_ViewController.swift */ = {isa = PBXFileReference; fileEncoding = 4; lastKnownFileType = sourcecode.swift; path = Day55_ViewController.swift; sourceTree = "<group>"; };
		ABCC482B26546F2100199A4B /* Day51.storyboard */ = {isa = PBXFileReference; lastKnownFileType = file.storyboard; path = Day51.storyboard; sourceTree = "<group>"; };
		ABCC482E26546F3100199A4B /* Day51_ViewController.swift */ = {isa = PBXFileReference; lastKnownFileType = sourcecode.swift; path = Day51_ViewController.swift; sourceTree = "<group>"; };
		ABCC4831265516EF00199A4B /* FaceTextureGenerator.swift */ = {isa = PBXFileReference; lastKnownFileType = sourcecode.swift; path = FaceTextureGenerator.swift; sourceTree = "<group>"; };
		ABCC4834265517D200199A4B /* Day51.metal */ = {isa = PBXFileReference; lastKnownFileType = sourcecode.metal; path = Day51.metal; sourceTree = "<group>"; };
		ABDCDDEF2607AB2500EB4555 /* Day47.storyboard */ = {isa = PBXFileReference; lastKnownFileType = file.storyboard; path = Day47.storyboard; sourceTree = "<group>"; };
		ABDCDDF22607AB3100EB4555 /* Day47_ViewController.swift */ = {isa = PBXFileReference; lastKnownFileType = sourcecode.swift; path = Day47_ViewController.swift; sourceTree = "<group>"; };
		ABDCDDF72607B22300EB4555 /* camera_click_001.wav */ = {isa = PBXFileReference; lastKnownFileType = audio.wav; path = camera_click_001.wav; sourceTree = "<group>"; };
		ABDCDDFA2607B27C00EB4555 /* impact-001.wav */ = {isa = PBXFileReference; lastKnownFileType = audio.wav; path = "impact-001.wav"; sourceTree = "<group>"; };
		ABDCDDFE2607DB2E00EB4555 /* Day48.storyboard */ = {isa = PBXFileReference; lastKnownFileType = file.storyboard; path = Day48.storyboard; sourceTree = "<group>"; };
		ABDCDE012607DB3A00EB4555 /* Day48_ViewController.swift */ = {isa = PBXFileReference; lastKnownFileType = sourcecode.swift; path = Day48_ViewController.swift; sourceTree = "<group>"; };
		ABDCDE112610F3FE00EB4555 /* Day50.storyboard */ = {isa = PBXFileReference; lastKnownFileType = file.storyboard; path = Day50.storyboard; sourceTree = "<group>"; };
		ABDCDE142610F40B00EB4555 /* Day50_ViewController.swift */ = {isa = PBXFileReference; lastKnownFileType = sourcecode.swift; path = Day50_ViewController.swift; sourceTree = "<group>"; };
		ABDCDE1B26146AD500EB4555 /* live_001.mp4 */ = {isa = PBXFileReference; lastKnownFileType = file; path = live_001.mp4; sourceTree = "<group>"; };
		ABE19FC325BBE6E50034AC0A /* Day20.storyboard */ = {isa = PBXFileReference; lastKnownFileType = file.storyboard; path = Day20.storyboard; sourceTree = "<group>"; };
		ABE19FC625BBE6F90034AC0A /* Day20_ViewController.swift */ = {isa = PBXFileReference; lastKnownFileType = sourcecode.swift; path = Day20_ViewController.swift; sourceTree = "<group>"; };
		ABE19FC925BBE86D0034AC0A /* Voxels.swift */ = {isa = PBXFileReference; fileEncoding = 4; lastKnownFileType = sourcecode.swift; path = Voxels.swift; sourceTree = "<group>"; };
		ABE19FCA25BBE86D0034AC0A /* Voxel.swift */ = {isa = PBXFileReference; fileEncoding = 4; lastKnownFileType = sourcecode.swift; path = Voxel.swift; sourceTree = "<group>"; };
		ABE19FCB25BBE86D0034AC0A /* VoxelCursor.swift */ = {isa = PBXFileReference; fileEncoding = 4; lastKnownFileType = sourcecode.swift; path = VoxelCursor.swift; sourceTree = "<group>"; };
		ABE19FCC25BBE86D0034AC0A /* VoxelEntity.swift */ = {isa = PBXFileReference; fileEncoding = 4; lastKnownFileType = sourcecode.swift; path = VoxelEntity.swift; sourceTree = "<group>"; };
		ABE19FD225BBEABD0034AC0A /* ScreenBuffer.swift */ = {isa = PBXFileReference; fileEncoding = 4; lastKnownFileType = sourcecode.swift; path = ScreenBuffer.swift; sourceTree = "<group>"; };
		ABE19FD525BBF2920034AC0A /* GameManager.swift */ = {isa = PBXFileReference; fileEncoding = 4; lastKnownFileType = sourcecode.swift; path = GameManager.swift; sourceTree = "<group>"; };
		ABE19FD825BC21230034AC0A /* InputSystem.swift */ = {isa = PBXFileReference; fileEncoding = 4; lastKnownFileType = sourcecode.swift; path = InputSystem.swift; sourceTree = "<group>"; };
		ABE19FF625BC2E5A0034AC0A /* voxelBaseColor.png */ = {isa = PBXFileReference; lastKnownFileType = image.png; path = voxelBaseColor.png; sourceTree = "<group>"; };
		ABE19FF725BC2E5A0034AC0A /* voxelMetallic.png */ = {isa = PBXFileReference; lastKnownFileType = image.png; path = voxelMetallic.png; sourceTree = "<group>"; };
		ABE19FF825BC2E5A0034AC0A /* voxelRoughness.png */ = {isa = PBXFileReference; lastKnownFileType = image.png; path = voxelRoughness.png; sourceTree = "<group>"; };
		ABE19FFA25BC2E5A0034AC0A /* Voxel_White.usdz */ = {isa = PBXFileReference; lastKnownFileType = file.usdz; path = Voxel_White.usdz; sourceTree = "<group>"; };
		ABE19FFB25BC2E5A0034AC0A /* Voxel_Cage.usdz */ = {isa = PBXFileReference; lastKnownFileType = file.usdz; path = Voxel_Cage.usdz; sourceTree = "<group>"; };
		ABE1A00925BC686D0034AC0A /* Day21_ViewController.swift */ = {isa = PBXFileReference; lastKnownFileType = sourcecode.swift; path = Day21_ViewController.swift; sourceTree = "<group>"; };
		ABE1A00D25BC68800034AC0A /* Day21.storyboard */ = {isa = PBXFileReference; lastKnownFileType = file.storyboard; path = Day21.storyboard; sourceTree = "<group>"; };
		ABE1A01025BC6E770034AC0A /* Day21_GameManager.swift */ = {isa = PBXFileReference; fileEncoding = 4; lastKnownFileType = sourcecode.swift; path = Day21_GameManager.swift; sourceTree = "<group>"; };
		ABE1A01125BC6E770034AC0A /* Day21_Classifications.swift */ = {isa = PBXFileReference; fileEncoding = 4; lastKnownFileType = sourcecode.swift; path = Day21_Classifications.swift; sourceTree = "<group>"; };
		ABE1A01F25BC72680034AC0A /* Day21_RadarMap.swift */ = {isa = PBXFileReference; fileEncoding = 4; lastKnownFileType = sourcecode.swift; path = Day21_RadarMap.swift; sourceTree = "<group>"; };
		ABE1A02B25BC72AF0034AC0A /* MetalParticles.swift */ = {isa = PBXFileReference; fileEncoding = 4; lastKnownFileType = sourcecode.swift; path = MetalParticles.swift; sourceTree = "<group>"; };
		ABE1A02C25BC72AF0034AC0A /* MetalRenderer.swift */ = {isa = PBXFileReference; fileEncoding = 4; lastKnownFileType = sourcecode.swift; path = MetalRenderer.swift; sourceTree = "<group>"; };
		ABE1A02E25BC72AF0034AC0A /* Shaders.metal */ = {isa = PBXFileReference; fileEncoding = 4; lastKnownFileType = sourcecode.metal; path = Shaders.metal; sourceTree = "<group>"; };
		ABE1A02F25BC72AF0034AC0A /* Day21_ShaderTypes.h */ = {isa = PBXFileReference; fileEncoding = 4; lastKnownFileType = sourcecode.c.h; path = Day21_ShaderTypes.h; sourceTree = "<group>"; };
		ABE1A03025BC72AF0034AC0A /* MetalModel.swift */ = {isa = PBXFileReference; fileEncoding = 4; lastKnownFileType = sourcecode.swift; path = MetalModel.swift; sourceTree = "<group>"; };
		ABE1A06125BC864C0034AC0A /* cone.usdz */ = {isa = PBXFileReference; lastKnownFileType = file.usdz; path = cone.usdz; sourceTree = "<group>"; };
		ABE1A06A25BC89E00034AC0A /* Extensions.swift */ = {isa = PBXFileReference; fileEncoding = 4; lastKnownFileType = sourcecode.swift; path = Extensions.swift; sourceTree = "<group>"; };
		ABE1A06B25BC89E00034AC0A /* OSLog+Helpers.swift */ = {isa = PBXFileReference; fileEncoding = 4; lastKnownFileType = sourcecode.swift; path = "OSLog+Helpers.swift"; sourceTree = "<group>"; };
		ABE1A06C25BC89E00034AC0A /* Easing.swift */ = {isa = PBXFileReference; fileEncoding = 4; lastKnownFileType = sourcecode.swift; path = Easing.swift; sourceTree = "<group>"; };
		ABE1A07225BC91570034AC0A /* RealityKit+Helpers.swift */ = {isa = PBXFileReference; fileEncoding = 4; lastKnownFileType = sourcecode.swift; path = "RealityKit+Helpers.swift"; sourceTree = "<group>"; };
		ABE1A07325BC91570034AC0A /* HelperFunctions.swift */ = {isa = PBXFileReference; fileEncoding = 4; lastKnownFileType = sourcecode.swift; path = HelperFunctions.swift; sourceTree = "<group>"; };
		ABE952BA25A3742000050AEC /* Day3.rcproject */ = {isa = PBXFileReference; lastKnownFileType = file.rcproject; path = Day3.rcproject; sourceTree = "<group>"; };
		ABE952BE25A3745200050AEC /* Day4.storyboard */ = {isa = PBXFileReference; lastKnownFileType = file.storyboard; path = Day4.storyboard; sourceTree = "<group>"; };
		ABE952C125A3747700050AEC /* Day4_ViewController.swift */ = {isa = PBXFileReference; lastKnownFileType = sourcecode.swift; path = Day4_ViewController.swift; sourceTree = "<group>"; };
		ABE952C425A374BD00050AEC /* Day4_Renderer.swift */ = {isa = PBXFileReference; lastKnownFileType = sourcecode.swift; path = Day4_Renderer.swift; sourceTree = "<group>"; };
		ABE952C825A3750000050AEC /* Day4_shaders.metal */ = {isa = PBXFileReference; lastKnownFileType = sourcecode.metal; path = Day4_shaders.metal; sourceTree = "<group>"; };
		ABE952CB25A375B500050AEC /* DataSource.swift */ = {isa = PBXFileReference; lastKnownFileType = sourcecode.swift; path = DataSource.swift; sourceTree = "<group>"; };
		ABE952DA25A51C8300050AEC /* Day5_ViewController.swift */ = {isa = PBXFileReference; lastKnownFileType = sourcecode.swift; path = Day5_ViewController.swift; sourceTree = "<group>"; };
		ABE952DD25A51C9700050AEC /* Day5.storyboard */ = {isa = PBXFileReference; lastKnownFileType = file.storyboard; path = Day5.storyboard; sourceTree = "<group>"; };
		ABE952E025A51D4600050AEC /* Day5_Shaders.metal */ = {isa = PBXFileReference; fileEncoding = 4; lastKnownFileType = sourcecode.metal; path = Day5_Shaders.metal; sourceTree = "<group>"; };
		ABE952E125A51D4600050AEC /* Day5_Renderer.swift */ = {isa = PBXFileReference; fileEncoding = 4; lastKnownFileType = sourcecode.swift; path = Day5_Renderer.swift; sourceTree = "<group>"; };
		ABE952E225A51D4600050AEC /* AR_100Days-Bridging-Header.h */ = {isa = PBXFileReference; fileEncoding = 4; lastKnownFileType = sourcecode.c.h; path = "AR_100Days-Bridging-Header.h"; sourceTree = "<group>"; };
		ABF68E8225C5C70D007C9BB7 /* Day26_ViewController.swift */ = {isa = PBXFileReference; lastKnownFileType = sourcecode.swift; path = Day26_ViewController.swift; sourceTree = "<group>"; };
		ABF68E8525C5C718007C9BB7 /* Day26.storyboard */ = {isa = PBXFileReference; lastKnownFileType = file.storyboard; path = Day26.storyboard; sourceTree = "<group>"; };
		ABF68E8A25C5D6D8007C9BB7 /* Day27.storyboard */ = {isa = PBXFileReference; lastKnownFileType = file.storyboard; path = Day27.storyboard; sourceTree = "<group>"; };
		ABF68E8D25C5D6EA007C9BB7 /* Day27_ViewController.swift */ = {isa = PBXFileReference; lastKnownFileType = sourcecode.swift; path = Day27_ViewController.swift; sourceTree = "<group>"; };
		ABF68E9725C69405007C9BB7 /* Day28_ViewController.swift */ = {isa = PBXFileReference; lastKnownFileType = sourcecode.swift; path = Day28_ViewController.swift; sourceTree = "<group>"; };
		ABF68E9B25C6940E007C9BB7 /* Day28.storyboard */ = {isa = PBXFileReference; lastKnownFileType = file.storyboard; path = Day28.storyboard; sourceTree = "<group>"; };
		ABF68E9E25C6B20C007C9BB7 /* splash.png */ = {isa = PBXFileReference; lastKnownFileType = image.png; path = splash.png; sourceTree = "<group>"; };
		ABF68E9F25C6B20C007C9BB7 /* wood-normal.png */ = {isa = PBXFileReference; lastKnownFileType = image.png; path = "wood-normal.png"; sourceTree = "<group>"; };
		ABF68EA825C6B988007C9BB7 /* SceneKitAssets.scnassets */ = {isa = PBXFileReference; lastKnownFileType = wrapper.scnassets; path = SceneKitAssets.scnassets; sourceTree = "<group>"; };
		ABF68EAB25C6BCC0007C9BB7 /* wood.png */ = {isa = PBXFileReference; lastKnownFileType = image.png; path = wood.png; sourceTree = "<group>"; };
/* End PBXFileReference section */

/* Begin PBXFrameworksBuildPhase section */
		AB5BC74C259F4280002EDF35 /* Frameworks */ = {
			isa = PBXFrameworksBuildPhase;
			buildActionMask = 2147483647;
			files = (
			);
			runOnlyForDeploymentPostprocessing = 0;
		};
/* End PBXFrameworksBuildPhase section */

/* Begin PBXGroup section */
		AB2B522E25E4AF2800101FEA /* Day42 */ = {
			isa = PBXGroup;
			children = (
				AB2B523225E4AF4100101FEA /* Day42_ViewController.swift */,
				AB2B522F25E4AF3200101FEA /* Day42.storyboard */,
			);
			path = Day42;
			sourceTree = "<group>";
		};
		AB2B523825E9ED0700101FEA /* Day43 */ = {
			isa = PBXGroup;
			children = (
				AB2B523C25E9ED1D00101FEA /* Day43_ViewController.swift */,
				AB2B523925E9ED1100101FEA /* Day43.storyboard */,
			);
			path = Day43;
			sourceTree = "<group>";
		};
		AB2B524425EA1C1C00101FEA /* Day44 */ = {
			isa = PBXGroup;
			children = (
				AB2B524B25EB9C6B00101FEA /* Day44_VideoTexturedFace.shader */,
				AB2B524525EA1C2A00101FEA /* Day44_ViewController.swift */,
				AB2B524825EA1C3000101FEA /* Day44.storyboard */,
			);
			path = Day44;
			sourceTree = "<group>";
		};
		AB44F29926D2595D005C0AF5 /* Day54 */ = {
			isa = PBXGroup;
			children = (
				AB44F29A26D2596D005C0AF5 /* Day54_ViewController.swift */,
				AB44F29C26D25977005C0AF5 /* Day54.storyboard */,
			);
			path = Day54;
			sourceTree = "<group>";
		};
		AB5BC746259F4280002EDF35 = {
			isa = PBXGroup;
			children = (
				AB5BC751259F4280002EDF35 /* AR_100Days */,
				AB5BC750259F4280002EDF35 /* Products */,
			);
			sourceTree = "<group>";
		};
		AB5BC750259F4280002EDF35 /* Products */ = {
			isa = PBXGroup;
			children = (
				AB5BC74F259F4280002EDF35 /* AR_100Days.app */,
			);
			name = Products;
			sourceTree = "<group>";
		};
		AB5BC751259F4280002EDF35 /* AR_100Days */ = {
			isa = PBXGroup;
			children = (
				AB5BC769259F439E002EDF35 /* Days */,
				AB5BC768259F4396002EDF35 /* Resources */,
				ABE1A06925BC898B0034AC0A /* Utilities */,
				AB5BC752259F4280002EDF35 /* AppDelegate.swift */,
				AB5BC754259F4280002EDF35 /* SceneDelegate.swift */,
				AB5BC756259F4280002EDF35 /* RootViewController.swift */,
				ABE952CB25A375B500050AEC /* DataSource.swift */,
				AB5BC758259F4280002EDF35 /* Main.storyboard */,
				AB5BC75B259F4282002EDF35 /* Assets.xcassets */,
				ABF68EA825C6B988007C9BB7 /* SceneKitAssets.scnassets */,
				AB5BC75D259F4282002EDF35 /* LaunchScreen.storyboard */,
				AB5BC760259F4282002EDF35 /* Info.plist */,
				AB7749F125ACEA60001900F1 /* ShaderTypes.h */,
				ABE952E225A51D4600050AEC /* AR_100Days-Bridging-Header.h */,
			);
			path = AR_100Days;
			sourceTree = "<group>";
		};
		AB5BC768259F4396002EDF35 /* Resources */ = {
			isa = PBXGroup;
			children = (
				ABDCDE1B26146AD500EB4555 /* live_001.mp4 */,
				ABDCDDFA2607B27C00EB4555 /* impact-001.wav */,
				ABDCDDF72607B22300EB4555 /* camera_click_001.wav */,
				AB2B524025E9FBDA00101FEA /* VideoTexturedFace.shader */,
				ABF68EAB25C6BCC0007C9BB7 /* wood.png */,
				ABF68E9E25C6B20C007C9BB7 /* splash.png */,
				ABF68E9F25C6B20C007C9BB7 /* wood-normal.png */,
				AB5BC797259F68C4002EDF35 /* sample_320x240.mp4 */,
			);
			path = Resources;
			sourceTree = "<group>";
		};
		AB5BC769259F439E002EDF35 /* Days */ = {
			isa = PBXGroup;
			children = (
				AB6943922732EB570095A4BD /* Day60 */,
				ABA34D14272AE8FB001E28CC /* Day59 */,
				ABA34D0D2729CC3F001E28CC /* Day58 */,
				ABA34D0627271CE3001E28CC /* Day57 */,
				AB846BF7271322BF00345D3F /* Day56 */,
				ABA60F6A26EF17DD00C5E506 /* Day55 */,
				AB44F29926D2595D005C0AF5 /* Day54 */,
				AB89117226948D2800FFA03B /* Day53 */,
				AB891169269331D900FFA03B /* Day52 */,
				ABCC482A26546F0F00199A4B /* Day51 */,
				ABDCDE102610F3F000EB4555 /* Day50 */,
				ABDCDDFD2607DB2300EB4555 /* Day48 */,
				ABDCDDEE26076E3200EB4555 /* Day47 */,
				AB6A924925F50315008274C8 /* Day46 */,
				AB6A924125F4A40E008274C8 /* Day45 */,
				AB2B524425EA1C1C00101FEA /* Day44 */,
				AB2B523825E9ED0700101FEA /* Day43 */,
				AB2B522E25E4AF2800101FEA /* Day42 */,
				AB5D624925E162A0009BB647 /* Day41 */,
				AB5D624125E159D0009BB647 /* Day40 */,
				AB6F8D9E25D977B9002F34A6 /* Day38 */,
				AB6F8D7F25D955CF002F34A6 /* Day37 */,
				AB6F8D7425D903BA002F34A6 /* Day36 */,
				AB6F8D5925CF28D5002F34A6 /* Day31 */,
				ABF68E9625C6911C007C9BB7 /* Day28 */,
				ABF68E8925C5D6C8007C9BB7 /* Day27 */,
				ABF68E8125C5C6E2007C9BB7 /* Day26 */,
				AB5D626B25E27E17009BB647 /* Day22 */,
				ABE1A00725BC406F0034AC0A /* Day21 */,
				ABE19FC225BBE6B20034AC0A /* Day20 */,
				AB9FA56F25B9B55D00AA3AA1 /* Day18 */,
				AB5D625B25E25AB6009BB647 /* Day11 */,
				AB7749FC25ACF2E5001900F1 /* Day10 */,
				AB7749D325A63369001900F1 /* Day6 */,
				ABE952D925A51C6A00050AEC /* Day5 */,
				ABE952BD25A3743800050AEC /* Day4 */,
				ABE952B925A3742000050AEC /* Day3 */,
				AB5BC7BD25A09AFB002EDF35 /* Day2 */,
				AB5BC795259F68C4002EDF35 /* Day1 */,
			);
			path = Days;
			sourceTree = "<group>";
		};
		AB5BC795259F68C4002EDF35 /* Day1 */ = {
			isa = PBXGroup;
			children = (
				AB5BC796259F68C4002EDF35 /* Day1_ViewController.swift */,
				AB5BC79B259F68C4002EDF35 /* Day1.storyboard */,
			);
			path = Day1;
			sourceTree = "<group>";
		};
		AB5BC7BD25A09AFB002EDF35 /* Day2 */ = {
			isa = PBXGroup;
			children = (
				AB5BC7C925A09BF6002EDF35 /* Extensions */,
				AB5BC7C525A09BB9002EDF35 /* PlaneNode.swift */,
				AB5BC7C425A09BB9002EDF35 /* Day2_shaders.metal */,
				AB5BC7C125A09B20002EDF35 /* Day2_ViewController.swift */,
				AB5BC7BE25A09B0F002EDF35 /* Day2.storyboard */,
			);
			path = Day2;
			sourceTree = "<group>";
		};
		AB5BC7C925A09BF6002EDF35 /* Extensions */ = {
			isa = PBXGroup;
			children = (
				AB5BC7CB25A09BF6002EDF35 /* SCNVectorHelpers.swift */,
				AB5BC7CC25A09BF6002EDF35 /* ScnMatrix.swift */,
			);
			path = Extensions;
			sourceTree = "<group>";
		};
		AB5D624125E159D0009BB647 /* Day40 */ = {
			isa = PBXGroup;
			children = (
				AB5D624225E159E1009BB647 /* Day40_ViewController.swift */,
				AB5D624625E159E9009BB647 /* Day40.storyboard */,
			);
			path = Day40;
			sourceTree = "<group>";
		};
		AB5D624925E162A0009BB647 /* Day41 */ = {
			isa = PBXGroup;
			children = (
				AB5D624D25E162C1009BB647 /* Day41_ViewController.swift */,
				AB5D624A25E162B1009BB647 /* Day41.storyboard */,
			);
			path = Day41;
			sourceTree = "<group>";
		};
		AB5D625B25E25AB6009BB647 /* Day11 */ = {
			isa = PBXGroup;
			children = (
				AB5D626625E25D77009BB647 /* Shaders.metal */,
				AB5D626525E25D77009BB647 /* Day11_ShaderTypes.h */,
				AB5D626225E25AEC009BB647 /* Day11_Renderer.swift */,
				AB5D625F25E25AD2009BB647 /* Day11_ViewController.swift */,
				AB5D625C25E25AC8009BB647 /* Day11.storyboard */,
			);
			path = Day11;
			sourceTree = "<group>";
		};
		AB5D626B25E27E17009BB647 /* Day22 */ = {
			isa = PBXGroup;
			children = (
				AB5D626D25E29A44009BB647 /* Day22_ViewController.swift */,
				AB5D627025E29A4B009BB647 /* Day22.storyboard */,
			);
			path = Day22;
			sourceTree = "<group>";
		};
		AB6943922732EB570095A4BD /* Day60 */ = {
			isa = PBXGroup;
			children = (
				AB6943932732EB6E0095A4BD /* Day60.swift */,
			);
			path = Day60;
			sourceTree = "<group>";
		};
		AB6A924125F4A40E008274C8 /* Day45 */ = {
			isa = PBXGroup;
			children = (
				AB6A924525F4A425008274C8 /* Day45_ViewController.swift */,
				AB6A924225F4A419008274C8 /* Day45.storyboard */,
			);
			path = Day45;
			sourceTree = "<group>";
		};
		AB6A924925F50315008274C8 /* Day46 */ = {
			isa = PBXGroup;
			children = (
				AB6A924A25F50324008274C8 /* Day46_ViewController.swift */,
				AB6A924E25F5032D008274C8 /* Day46.storyboard */,
			);
			path = Day46;
			sourceTree = "<group>";
		};
		AB6F8D5925CF28D5002F34A6 /* Day31 */ = {
			isa = PBXGroup;
			children = (
				AB6F8D5A25CF28E8002F34A6 /* Day31_ViewController.swift */,
				AB6F8D5E25CF28F8002F34A6 /* Day31.storyboard */,
			);
			path = Day31;
			sourceTree = "<group>";
		};
		AB6F8D7425D903BA002F34A6 /* Day36 */ = {
			isa = PBXGroup;
			children = (
				AB6F8D7825D903E1002F34A6 /* Day36_ViewController.swift */,
				AB6F8D7525D903CC002F34A6 /* Day36.storyboard */,
			);
			path = Day36;
			sourceTree = "<group>";
		};
		AB6F8D7F25D955CF002F34A6 /* Day37 */ = {
			isa = PBXGroup;
			children = (
				AB6F8D9525D958EB002F34A6 /* Shaders.metal */,
				AB6F8D9325D958E1002F34A6 /* Day37_ShaderTypes.h */,
				AB6F8D8725D95692002F34A6 /* Day37_Renderer.swift */,
				AB6F8D8325D955F1002F34A6 /* Day37_ViewController.swift */,
				AB6F8D8025D955E3002F34A6 /* Day37.storyboard */,
			);
			path = Day37;
			sourceTree = "<group>";
		};
		AB6F8D9E25D977B9002F34A6 /* Day38 */ = {
			isa = PBXGroup;
			children = (
				AB6F8DA225D977D7002F34A6 /* Day38_ViewController.swift */,
				AB6F8D9F25D977C8002F34A6 /* Day38.storyboard */,
			);
			path = Day38;
			sourceTree = "<group>";
		};
		AB7749D325A63369001900F1 /* Day6 */ = {
			isa = PBXGroup;
			children = (
				AB7749D425A63577001900F1 /* Day6_ViewController.swift */,
				AB7749D825A63582001900F1 /* Day6.storyboard */,
			);
			path = Day6;
			sourceTree = "<group>";
		};
		AB7749FC25ACF2E5001900F1 /* Day10 */ = {
			isa = PBXGroup;
			children = (
				AB7749FD25ACF2E5001900F1 /* Day10_Renderer.swift */,
				AB7749FE25ACF2E5001900F1 /* Day10_Shaders.metal */,
				AB7749FF25ACF2E5001900F1 /* Day10_ViewController.swift */,
				AB774A0025ACF2E5001900F1 /* Day10.storyboard */,
			);
			path = Day10;
			sourceTree = "<group>";
		};
		AB846BF7271322BF00345D3F /* Day56 */ = {
			isa = PBXGroup;
			children = (
				AB846BFC271326DB00345D3F /* PointCloudRenderer.swift */,
				AB846BFE271326DB00345D3F /* PointCloudShaders.metal */,
				AB846BFD271326DB00345D3F /* Day56_ShaderTypes.h */,
				AB846BFA271322D700345D3F /* Day56_ViewController.swift */,
				AB846BF8271322CB00345D3F /* Day56.storyboard */,
			);
			path = Day56;
			sourceTree = "<group>";
		};
		AB891169269331D900FFA03B /* Day52 */ = {
			isa = PBXGroup;
			children = (
				AB89116A26936FB300FFA03B /* Day52_ViewController.swift */,
				AB89116E26936FC100FFA03B /* Day52.storyboard */,
			);
			path = Day52;
			sourceTree = "<group>";
		};
		AB89117226948D2800FFA03B /* Day53 */ = {
			isa = PBXGroup;
			children = (
				AB89117326948D3200FFA03B /* Day53.storyboard */,
				AB89117626948D3E00FFA03B /* Day53_ViewController.swift */,
				AB44F29726D10F1C005C0AF5 /* Day53_Shader.metal */,
			);
			path = Day53;
			sourceTree = "<group>";
		};
		AB9FA56F25B9B55D00AA3AA1 /* Day18 */ = {
			isa = PBXGroup;
			children = (
				AB9FA57325B9B58600AA3AA1 /* Day18_ViewController.swift */,
				AB9FA57025B9B57100AA3AA1 /* Day18.storyboard */,
			);
			path = Day18;
			sourceTree = "<group>";
		};
		ABA34D0627271CE3001E28CC /* Day57 */ = {
			isa = PBXGroup;
			children = (
				ABA34D0727271CF9001E28CC /* Day57_ViewController.swift */,
				ABA34D0927272138001E28CC /* Day57.storyboard */,
			);
			path = Day57;
			sourceTree = "<group>";
		};
		ABA34D0D2729CC3F001E28CC /* Day58 */ = {
			isa = PBXGroup;
			children = (
				ABA34D12272A82FA001E28CC /* Day58_MPCSession.swift */,
				ABA34D0E2729D791001E28CC /* Day58_ViewController.swift */,
				ABA34D10272A828B001E28CC /* Day58.storyboard */,
			);
			path = Day58;
			sourceTree = "<group>";
		};
		ABA34D14272AE8FB001E28CC /* Day59 */ = {
			isa = PBXGroup;
			children = (
				ABA34D19272AE939001E28CC /* Day59_MPCSession.swift */,
				ABA34D15272AE90A001E28CC /* Day59.storyboard */,
				ABA34D17272AE910001E28CC /* Day59_ViewController.swift */,
			);
			path = Day59;
			sourceTree = "<group>";
		};
		ABA60F6A26EF17DD00C5E506 /* Day55 */ = {
			isa = PBXGroup;
			children = (
				ABA60F6C26EF17DD00C5E506 /* Day55_ViewController.swift */,
				ABA60F6B26EF17DD00C5E506 /* Day55.storyboard */,
			);
			path = Day55;
			sourceTree = "<group>";
		};
		ABCC482A26546F0F00199A4B /* Day51 */ = {
			isa = PBXGroup;
			children = (
				ABCC482B26546F2100199A4B /* Day51.storyboard */,
				ABCC482E26546F3100199A4B /* Day51_ViewController.swift */,
				ABCC4831265516EF00199A4B /* FaceTextureGenerator.swift */,
				ABCC4834265517D200199A4B /* Day51.metal */,
			);
			path = Day51;
			sourceTree = "<group>";
		};
		ABDCDDEE26076E3200EB4555 /* Day47 */ = {
			isa = PBXGroup;
			children = (
				ABDCDDF22607AB3100EB4555 /* Day47_ViewController.swift */,
				ABDCDDEF2607AB2500EB4555 /* Day47.storyboard */,
			);
			path = Day47;
			sourceTree = "<group>";
		};
		ABDCDDFD2607DB2300EB4555 /* Day48 */ = {
			isa = PBXGroup;
			children = (
				ABDCDE012607DB3A00EB4555 /* Day48_ViewController.swift */,
				ABDCDDFE2607DB2E00EB4555 /* Day48.storyboard */,
			);
			path = Day48;
			sourceTree = "<group>";
		};
		ABDCDE102610F3F000EB4555 /* Day50 */ = {
			isa = PBXGroup;
			children = (
				ABDCDE142610F40B00EB4555 /* Day50_ViewController.swift */,
				ABDCDE112610F3FE00EB4555 /* Day50.storyboard */,
			);
			path = Day50;
			sourceTree = "<group>";
		};
		ABE19FC225BBE6B20034AC0A /* Day20 */ = {
			isa = PBXGroup;
			children = (
				ABE19FF325BC2E5A0034AC0A /* assets */,
				ABE19FD825BC21230034AC0A /* InputSystem.swift */,
				ABE19FD525BBF2920034AC0A /* GameManager.swift */,
				ABE19FD225BBEABD0034AC0A /* ScreenBuffer.swift */,
				ABE19FCA25BBE86D0034AC0A /* Voxel.swift */,
				ABE19FCB25BBE86D0034AC0A /* VoxelCursor.swift */,
				ABE19FCC25BBE86D0034AC0A /* VoxelEntity.swift */,
				ABE19FC925BBE86D0034AC0A /* Voxels.swift */,
				ABE19FC625BBE6F90034AC0A /* Day20_ViewController.swift */,
				ABE19FC325BBE6E50034AC0A /* Day20.storyboard */,
			);
			path = Day20;
			sourceTree = "<group>";
		};
		ABE19FF325BC2E5A0034AC0A /* assets */ = {
			isa = PBXGroup;
			children = (
				ABE19FF425BC2E5A0034AC0A /* Textures */,
				ABE19FF925BC2E5A0034AC0A /* Models */,
			);
			path = assets;
			sourceTree = "<group>";
		};
		ABE19FF425BC2E5A0034AC0A /* Textures */ = {
			isa = PBXGroup;
			children = (
				ABE19FF525BC2E5A0034AC0A /* Voxel */,
			);
			path = Textures;
			sourceTree = "<group>";
		};
		ABE19FF525BC2E5A0034AC0A /* Voxel */ = {
			isa = PBXGroup;
			children = (
				ABE19FF625BC2E5A0034AC0A /* voxelBaseColor.png */,
				ABE19FF725BC2E5A0034AC0A /* voxelMetallic.png */,
				ABE19FF825BC2E5A0034AC0A /* voxelRoughness.png */,
			);
			path = Voxel;
			sourceTree = "<group>";
		};
		ABE19FF925BC2E5A0034AC0A /* Models */ = {
			isa = PBXGroup;
			children = (
				ABE19FFA25BC2E5A0034AC0A /* Voxel_White.usdz */,
				ABE19FFB25BC2E5A0034AC0A /* Voxel_Cage.usdz */,
			);
			path = Models;
			sourceTree = "<group>";
		};
		ABE1A00725BC406F0034AC0A /* Day21 */ = {
			isa = PBXGroup;
			children = (
				ABE1A05F25BC864C0034AC0A /* assets */,
				ABE1A02A25BC72AF0034AC0A /* Rendering */,
				ABE1A01F25BC72680034AC0A /* Day21_RadarMap.swift */,
				ABE1A01125BC6E770034AC0A /* Day21_Classifications.swift */,
				ABE1A01025BC6E770034AC0A /* Day21_GameManager.swift */,
				ABE1A00925BC686D0034AC0A /* Day21_ViewController.swift */,
				ABE1A00D25BC68800034AC0A /* Day21.storyboard */,
			);
			path = Day21;
			sourceTree = "<group>";
		};
		ABE1A02A25BC72AF0034AC0A /* Rendering */ = {
			isa = PBXGroup;
			children = (
				ABE1A02B25BC72AF0034AC0A /* MetalParticles.swift */,
				ABE1A02C25BC72AF0034AC0A /* MetalRenderer.swift */,
				ABE1A02D25BC72AF0034AC0A /* Shaders */,
				ABE1A03025BC72AF0034AC0A /* MetalModel.swift */,
			);
			path = Rendering;
			sourceTree = "<group>";
		};
		ABE1A02D25BC72AF0034AC0A /* Shaders */ = {
			isa = PBXGroup;
			children = (
				ABE1A02E25BC72AF0034AC0A /* Shaders.metal */,
				ABE1A02F25BC72AF0034AC0A /* Day21_ShaderTypes.h */,
			);
			path = Shaders;
			sourceTree = "<group>";
		};
		ABE1A05F25BC864C0034AC0A /* assets */ = {
			isa = PBXGroup;
			children = (
				ABE1A06025BC864C0034AC0A /* Models */,
			);
			path = assets;
			sourceTree = "<group>";
		};
		ABE1A06025BC864C0034AC0A /* Models */ = {
			isa = PBXGroup;
			children = (
				ABE1A06125BC864C0034AC0A /* cone.usdz */,
			);
			path = Models;
			sourceTree = "<group>";
		};
		ABE1A06925BC898B0034AC0A /* Utilities */ = {
			isa = PBXGroup;
			children = (
				ABE1A06C25BC89E00034AC0A /* Easing.swift */,
				ABE1A06A25BC89E00034AC0A /* Extensions.swift */,
				ABE1A07325BC91570034AC0A /* HelperFunctions.swift */,
				ABE1A06B25BC89E00034AC0A /* OSLog+Helpers.swift */,
				ABE1A07225BC91570034AC0A /* RealityKit+Helpers.swift */,
			);
			path = Utilities;
			sourceTree = "<group>";
		};
		ABE952B925A3742000050AEC /* Day3 */ = {
			isa = PBXGroup;
			children = (
				ABE952BA25A3742000050AEC /* Day3.rcproject */,
			);
			path = Day3;
			sourceTree = "<group>";
		};
		ABE952BD25A3743800050AEC /* Day4 */ = {
			isa = PBXGroup;
			children = (
				ABE952C125A3747700050AEC /* Day4_ViewController.swift */,
				ABE952BE25A3745200050AEC /* Day4.storyboard */,
				ABE952C425A374BD00050AEC /* Day4_Renderer.swift */,
				ABE952C825A3750000050AEC /* Day4_shaders.metal */,
			);
			path = Day4;
			sourceTree = "<group>";
		};
		ABE952D925A51C6A00050AEC /* Day5 */ = {
			isa = PBXGroup;
			children = (
				ABE952E125A51D4600050AEC /* Day5_Renderer.swift */,
				ABE952E025A51D4600050AEC /* Day5_Shaders.metal */,
				ABE952DA25A51C8300050AEC /* Day5_ViewController.swift */,
				ABE952DD25A51C9700050AEC /* Day5.storyboard */,
			);
			path = Day5;
			sourceTree = "<group>";
		};
		ABF68E8125C5C6E2007C9BB7 /* Day26 */ = {
			isa = PBXGroup;
			children = (
				ABF68E8225C5C70D007C9BB7 /* Day26_ViewController.swift */,
				ABF68E8525C5C718007C9BB7 /* Day26.storyboard */,
			);
			path = Day26;
			sourceTree = "<group>";
		};
		ABF68E8925C5D6C8007C9BB7 /* Day27 */ = {
			isa = PBXGroup;
			children = (
				ABF68E8D25C5D6EA007C9BB7 /* Day27_ViewController.swift */,
				ABF68E8A25C5D6D8007C9BB7 /* Day27.storyboard */,
			);
			path = Day27;
			sourceTree = "<group>";
		};
		ABF68E9625C6911C007C9BB7 /* Day28 */ = {
			isa = PBXGroup;
			children = (
				ABF68E9725C69405007C9BB7 /* Day28_ViewController.swift */,
				ABF68E9B25C6940E007C9BB7 /* Day28.storyboard */,
			);
			path = Day28;
			sourceTree = "<group>";
		};
/* End PBXGroup section */

/* Begin PBXNativeTarget section */
		AB5BC74E259F4280002EDF35 /* AR_100Days */ = {
			isa = PBXNativeTarget;
			buildConfigurationList = AB5BC763259F4282002EDF35 /* Build configuration list for PBXNativeTarget "AR_100Days" */;
			buildPhases = (
				AB5BC74B259F4280002EDF35 /* Sources */,
				AB5BC74C259F4280002EDF35 /* Frameworks */,
				AB5BC74D259F4280002EDF35 /* Resources */,
			);
			buildRules = (
			);
			dependencies = (
			);
			name = AR_100Days;
			productName = AR_100Days;
			productReference = AB5BC74F259F4280002EDF35 /* AR_100Days.app */;
			productType = "com.apple.product-type.application";
		};
/* End PBXNativeTarget section */

/* Begin PBXProject section */
		AB5BC747259F4280002EDF35 /* Project object */ = {
			isa = PBXProject;
			attributes = {
				LastSwiftUpdateCheck = 1230;
				LastUpgradeCheck = 1230;
				TargetAttributes = {
					AB5BC74E259F4280002EDF35 = {
						CreatedOnToolsVersion = 12.3;
					};
				};
			};
			buildConfigurationList = AB5BC74A259F4280002EDF35 /* Build configuration list for PBXProject "AR_100Days" */;
			compatibilityVersion = "Xcode 9.3";
			developmentRegion = en;
			hasScannedForEncodings = 0;
			knownRegions = (
				en,
				Base,
			);
			mainGroup = AB5BC746259F4280002EDF35;
			productRefGroup = AB5BC750259F4280002EDF35 /* Products */;
			projectDirPath = "";
			projectRoot = "";
			targets = (
				AB5BC74E259F4280002EDF35 /* AR_100Days */,
			);
		};
/* End PBXProject section */

/* Begin PBXResourcesBuildPhase section */
		AB5BC74D259F4280002EDF35 /* Resources */ = {
			isa = PBXResourcesBuildPhase;
			buildActionMask = 2147483647;
			files = (
				AB2B524125E9FBDA00101FEA /* VideoTexturedFace.shader in Resources */,
				ABE1A00E25BC68800034AC0A /* Day21.storyboard in Resources */,
				AB5BC7A4259F68C4002EDF35 /* Day1.storyboard in Resources */,
				ABE1A00025BC2E5A0034AC0A /* Voxel_Cage.usdz in Resources */,
				ABE19FFD25BC2E5A0034AC0A /* voxelMetallic.png in Resources */,
				AB6F8D5F25CF28F8002F34A6 /* Day31.storyboard in Resources */,
				AB6A924F25F5032D008274C8 /* Day46.storyboard in Resources */,
				ABE19FFF25BC2E5A0034AC0A /* Voxel_White.usdz in Resources */,
				ABE952DE25A51C9700050AEC /* Day5.storyboard in Resources */,
				AB89117426948D3200FFA03B /* Day53.storyboard in Resources */,
				AB7749D925A63582001900F1 /* Day6.storyboard in Resources */,
				ABA34D16272AE90A001E28CC /* Day59.storyboard in Resources */,
				ABDCDE122610F3FE00EB4555 /* Day50.storyboard in Resources */,
				AB44F29D26D25977005C0AF5 /* Day54.storyboard in Resources */,
				ABCC482C26546F2100199A4B /* Day51.storyboard in Resources */,
				ABDCDE1C26146AD500EB4555 /* live_001.mp4 in Resources */,
				AB5BC75F259F4282002EDF35 /* LaunchScreen.storyboard in Resources */,
				AB5D624725E159E9009BB647 /* Day40.storyboard in Resources */,
				AB5D624B25E162B1009BB647 /* Day41.storyboard in Resources */,
				ABE19FFE25BC2E5A0034AC0A /* voxelRoughness.png in Resources */,
				ABF68EA125C6B20C007C9BB7 /* wood-normal.png in Resources */,
				AB6A924325F4A419008274C8 /* Day45.storyboard in Resources */,
				ABF68E9C25C6940E007C9BB7 /* Day28.storyboard in Resources */,
				ABF68E8625C5C718007C9BB7 /* Day26.storyboard in Resources */,
				ABA60F6D26EF17DD00C5E506 /* Day55.storyboard in Resources */,
				AB89116F26936FC100FFA03B /* Day52.storyboard in Resources */,
				AB774A0425ACF2E5001900F1 /* Day10.storyboard in Resources */,
				AB2B524925EA1C3000101FEA /* Day44.storyboard in Resources */,
				ABA34D0A27272138001E28CC /* Day57.storyboard in Resources */,
				ABE1A06225BC864C0034AC0A /* cone.usdz in Resources */,
				ABE19FFC25BC2E5A0034AC0A /* voxelBaseColor.png in Resources */,
				ABA34D11272A828B001E28CC /* Day58.storyboard in Resources */,
				ABE952BF25A3745200050AEC /* Day4.storyboard in Resources */,
				ABDCDDF82607B22300EB4555 /* camera_click_001.wav in Resources */,
				AB5BC7A1259F68C4002EDF35 /* sample_320x240.mp4 in Resources */,
				AB2B523A25E9ED1100101FEA /* Day43.storyboard in Resources */,
				ABE19FC425BBE6E50034AC0A /* Day20.storyboard in Resources */,
				AB5D627125E29A4B009BB647 /* Day22.storyboard in Resources */,
				AB846BF9271322CB00345D3F /* Day56.storyboard in Resources */,
				AB6F8D7625D903CC002F34A6 /* Day36.storyboard in Resources */,
				ABF68EAC25C6BCC0007C9BB7 /* wood.png in Resources */,
				AB2B524C25EB9C6B00101FEA /* Day44_VideoTexturedFace.shader in Resources */,
				AB5BC75C259F4282002EDF35 /* Assets.xcassets in Resources */,
				AB2B523025E4AF3200101FEA /* Day42.storyboard in Resources */,
				ABDCDDF02607AB2500EB4555 /* Day47.storyboard in Resources */,
				ABDCDDFF2607DB2E00EB4555 /* Day48.storyboard in Resources */,
				ABDCDDFB2607B27C00EB4555 /* impact-001.wav in Resources */,
				AB6F8DA025D977C8002F34A6 /* Day38.storyboard in Resources */,
				ABF68EA925C6B988007C9BB7 /* SceneKitAssets.scnassets in Resources */,
				ABF68E8B25C5D6D8007C9BB7 /* Day27.storyboard in Resources */,
				ABF68EA025C6B20C007C9BB7 /* splash.png in Resources */,
				AB9FA57125B9B57100AA3AA1 /* Day18.storyboard in Resources */,
				AB5BC7BF25A09B0F002EDF35 /* Day2.storyboard in Resources */,
				AB5D625D25E25AC8009BB647 /* Day11.storyboard in Resources */,
				AB6F8D8125D955E3002F34A6 /* Day37.storyboard in Resources */,
				AB5BC75A259F4280002EDF35 /* Main.storyboard in Resources */,
			);
			runOnlyForDeploymentPostprocessing = 0;
		};
/* End PBXResourcesBuildPhase section */

/* Begin PBXSourcesBuildPhase section */
		AB5BC74B259F4280002EDF35 /* Sources */ = {
			isa = PBXSourcesBuildPhase;
			buildActionMask = 2147483647;
			files = (
				AB5D626725E25D77009BB647 /* Shaders.metal in Sources */,
				ABE19FCD25BBE86D0034AC0A /* Voxels.swift in Sources */,
				ABDCDE152610F40B00EB4555 /* Day50_ViewController.swift in Sources */,
				ABE1A03325BC72AF0034AC0A /* Shaders.metal in Sources */,
				ABE1A01225BC6E770034AC0A /* Day21_GameManager.swift in Sources */,
				ABE952CC25A375B500050AEC /* DataSource.swift in Sources */,
				AB5BC7CF25A09BF6002EDF35 /* ScnMatrix.swift in Sources */,
				ABF68E8325C5C70D007C9BB7 /* Day26_ViewController.swift in Sources */,
				ABE1A07425BC91570034AC0A /* RealityKit+Helpers.swift in Sources */,
				ABE19FD325BBEABD0034AC0A /* ScreenBuffer.swift in Sources */,
				AB5D626E25E29A44009BB647 /* Day22_ViewController.swift in Sources */,
				ABCC482F26546F3100199A4B /* Day51_ViewController.swift in Sources */,
				ABDCDE022607DB3A00EB4555 /* Day48_ViewController.swift in Sources */,
				ABE1A00A25BC686D0034AC0A /* Day21_ViewController.swift in Sources */,
				AB7749D525A63577001900F1 /* Day6_ViewController.swift in Sources */,
				AB774A0125ACF2E5001900F1 /* Day10_Renderer.swift in Sources */,
				AB5BC7C725A09BB9002EDF35 /* PlaneNode.swift in Sources */,
				AB2B524625EA1C2A00101FEA /* Day44_ViewController.swift in Sources */,
				ABE19FD625BBF2930034AC0A /* GameManager.swift in Sources */,
				ABA34D1A272AE939001E28CC /* Day59_MPCSession.swift in Sources */,
				ABE952DB25A51C8300050AEC /* Day5_ViewController.swift in Sources */,
				AB5BC7A0259F68C4002EDF35 /* Day1_ViewController.swift in Sources */,
				ABE19FCF25BBE86D0034AC0A /* VoxelCursor.swift in Sources */,
				AB89116B26936FB300FFA03B /* Day52_ViewController.swift in Sources */,
				AB44F29826D10F1C005C0AF5 /* Day53_Shader.metal in Sources */,
				ABE1A06F25BC89E00034AC0A /* Easing.swift in Sources */,
				AB6A924B25F50324008274C8 /* Day46_ViewController.swift in Sources */,
				ABE1A01325BC6E770034AC0A /* Day21_Classifications.swift in Sources */,
				AB2B523D25E9ED1D00101FEA /* Day43_ViewController.swift in Sources */,
				AB6A924625F4A425008274C8 /* Day45_ViewController.swift in Sources */,
				AB846C00271326DB00345D3F /* PointCloudShaders.metal in Sources */,
				AB9FA57425B9B58600AA3AA1 /* Day18_ViewController.swift in Sources */,
				ABA34D13272A82FA001E28CC /* Day58_MPCSession.swift in Sources */,
				AB5BC7C225A09B20002EDF35 /* Day2_ViewController.swift in Sources */,
				AB846BFF271326DB00345D3F /* PointCloudRenderer.swift in Sources */,
				AB6943942732EB6E0095A4BD /* Day60.swift in Sources */,
				ABE19FDA25BC21230034AC0A /* InputSystem.swift in Sources */,
				AB6F8D9625D958EB002F34A6 /* Shaders.metal in Sources */,
				ABDCDDF32607AB3100EB4555 /* Day47_ViewController.swift in Sources */,
				AB5D624E25E162C1009BB647 /* Day41_ViewController.swift in Sources */,
				AB2B523325E4AF4100101FEA /* Day42_ViewController.swift in Sources */,
				ABA34D0F2729D791001E28CC /* Day58_ViewController.swift in Sources */,
				AB6F8D8825D95692002F34A6 /* Day37_Renderer.swift in Sources */,
				ABE19FC725BBE6F90034AC0A /* Day20_ViewController.swift in Sources */,
				ABE1A03425BC72AF0034AC0A /* MetalModel.swift in Sources */,
				ABA34D18272AE910001E28CC /* Day59_ViewController.swift in Sources */,
				ABE1A06E25BC89E00034AC0A /* OSLog+Helpers.swift in Sources */,
				AB774A0225ACF2E5001900F1 /* Day10_Shaders.metal in Sources */,
				ABE952C525A374BD00050AEC /* Day4_Renderer.swift in Sources */,
				AB89117726948D3E00FFA03B /* Day53_ViewController.swift in Sources */,
				ABA60F6E26EF17DD00C5E506 /* Day55_ViewController.swift in Sources */,
				AB6F8DA325D977D7002F34A6 /* Day38_ViewController.swift in Sources */,
				ABE19FD025BBE86D0034AC0A /* VoxelEntity.swift in Sources */,
				AB5BC7C625A09BB9002EDF35 /* Day2_shaders.metal in Sources */,
				AB6F8D8425D955F1002F34A6 /* Day37_ViewController.swift in Sources */,
				ABE1A03125BC72AF0034AC0A /* MetalParticles.swift in Sources */,
				AB5D624325E159E1009BB647 /* Day40_ViewController.swift in Sources */,
				ABE19FCE25BBE86D0034AC0A /* Voxel.swift in Sources */,
				ABE952E425A51D4600050AEC /* Day5_Shaders.metal in Sources */,
				AB5BC757259F4280002EDF35 /* RootViewController.swift in Sources */,
				ABA34D0827271CF9001E28CC /* Day57_ViewController.swift in Sources */,
				ABE952C925A3750000050AEC /* Day4_shaders.metal in Sources */,
				ABF68E9825C69405007C9BB7 /* Day28_ViewController.swift in Sources */,
				AB5BC753259F4280002EDF35 /* AppDelegate.swift in Sources */,
				ABE1A02625BC72680034AC0A /* Day21_RadarMap.swift in Sources */,
				AB5D626025E25AD2009BB647 /* Day11_ViewController.swift in Sources */,
				AB6F8D5B25CF28E8002F34A6 /* Day31_ViewController.swift in Sources */,
				ABCC4835265517D200199A4B /* Day51.metal in Sources */,
				ABE1A07525BC91570034AC0A /* HelperFunctions.swift in Sources */,
				ABE952BB25A3742000050AEC /* Day3.rcproject in Sources */,
				ABF68E8E25C5D6EA007C9BB7 /* Day27_ViewController.swift in Sources */,
				AB774A0325ACF2E5001900F1 /* Day10_ViewController.swift in Sources */,
				ABE952C225A3747700050AEC /* Day4_ViewController.swift in Sources */,
				ABCC4832265516EF00199A4B /* FaceTextureGenerator.swift in Sources */,
				ABE1A06D25BC89E00034AC0A /* Extensions.swift in Sources */,
				AB6F8D7925D903E1002F34A6 /* Day36_ViewController.swift in Sources */,
				AB44F29B26D2596D005C0AF5 /* Day54_ViewController.swift in Sources */,
				ABE1A03225BC72AF0034AC0A /* MetalRenderer.swift in Sources */,
				AB5D626325E25AEC009BB647 /* Day11_Renderer.swift in Sources */,
				ABE952E525A51D4600050AEC /* Day5_Renderer.swift in Sources */,
				AB5BC755259F4280002EDF35 /* SceneDelegate.swift in Sources */,
				AB5BC7CE25A09BF6002EDF35 /* SCNVectorHelpers.swift in Sources */,
				AB846BFB271322D700345D3F /* Day56_ViewController.swift in Sources */,
			);
			runOnlyForDeploymentPostprocessing = 0;
		};
/* End PBXSourcesBuildPhase section */

/* Begin PBXVariantGroup section */
		AB5BC758259F4280002EDF35 /* Main.storyboard */ = {
			isa = PBXVariantGroup;
			children = (
				AB5BC759259F4280002EDF35 /* Base */,
			);
			name = Main.storyboard;
			sourceTree = "<group>";
		};
		AB5BC75D259F4282002EDF35 /* LaunchScreen.storyboard */ = {
			isa = PBXVariantGroup;
			children = (
				AB5BC75E259F4282002EDF35 /* Base */,
			);
			name = LaunchScreen.storyboard;
			sourceTree = "<group>";
		};
		AB5BC79B259F68C4002EDF35 /* Day1.storyboard */ = {
			isa = PBXVariantGroup;
			children = (
				AB5BC79C259F68C4002EDF35 /* Base */,
			);
			name = Day1.storyboard;
			sourceTree = "<group>";
		};
/* End PBXVariantGroup section */

/* Begin XCBuildConfiguration section */
		AB5BC761259F4282002EDF35 /* Debug */ = {
			isa = XCBuildConfiguration;
			buildSettings = {
				ALWAYS_SEARCH_USER_PATHS = NO;
				CLANG_ANALYZER_NONNULL = YES;
				CLANG_ANALYZER_NUMBER_OBJECT_CONVERSION = YES_AGGRESSIVE;
				CLANG_CXX_LANGUAGE_STANDARD = "gnu++14";
				CLANG_CXX_LIBRARY = "libc++";
				CLANG_ENABLE_MODULES = YES;
				CLANG_ENABLE_OBJC_ARC = YES;
				CLANG_ENABLE_OBJC_WEAK = YES;
				CLANG_WARN_BLOCK_CAPTURE_AUTORELEASING = YES;
				CLANG_WARN_BOOL_CONVERSION = YES;
				CLANG_WARN_COMMA = YES;
				CLANG_WARN_CONSTANT_CONVERSION = YES;
				CLANG_WARN_DEPRECATED_OBJC_IMPLEMENTATIONS = YES;
				CLANG_WARN_DIRECT_OBJC_ISA_USAGE = YES_ERROR;
				CLANG_WARN_DOCUMENTATION_COMMENTS = YES;
				CLANG_WARN_EMPTY_BODY = YES;
				CLANG_WARN_ENUM_CONVERSION = YES;
				CLANG_WARN_INFINITE_RECURSION = YES;
				CLANG_WARN_INT_CONVERSION = YES;
				CLANG_WARN_NON_LITERAL_NULL_CONVERSION = YES;
				CLANG_WARN_OBJC_IMPLICIT_RETAIN_SELF = YES;
				CLANG_WARN_OBJC_LITERAL_CONVERSION = YES;
				CLANG_WARN_OBJC_ROOT_CLASS = YES_ERROR;
				CLANG_WARN_QUOTED_INCLUDE_IN_FRAMEWORK_HEADER = YES;
				CLANG_WARN_RANGE_LOOP_ANALYSIS = YES;
				CLANG_WARN_STRICT_PROTOTYPES = YES;
				CLANG_WARN_SUSPICIOUS_MOVE = YES;
				CLANG_WARN_UNGUARDED_AVAILABILITY = YES_AGGRESSIVE;
				CLANG_WARN_UNREACHABLE_CODE = YES;
				CLANG_WARN__DUPLICATE_METHOD_MATCH = YES;
				COPY_PHASE_STRIP = NO;
				DEBUG_INFORMATION_FORMAT = dwarf;
				ENABLE_STRICT_OBJC_MSGSEND = YES;
				ENABLE_TESTABILITY = YES;
				GCC_C_LANGUAGE_STANDARD = gnu11;
				GCC_DYNAMIC_NO_PIC = NO;
				GCC_NO_COMMON_BLOCKS = YES;
				GCC_OPTIMIZATION_LEVEL = 0;
				GCC_PREPROCESSOR_DEFINITIONS = (
					"DEBUG=1",
					"$(inherited)",
				);
				GCC_WARN_64_TO_32_BIT_CONVERSION = YES;
				GCC_WARN_ABOUT_RETURN_TYPE = YES_ERROR;
				GCC_WARN_UNDECLARED_SELECTOR = YES;
				GCC_WARN_UNINITIALIZED_AUTOS = YES_AGGRESSIVE;
				GCC_WARN_UNUSED_FUNCTION = YES;
				GCC_WARN_UNUSED_VARIABLE = YES;
				IPHONEOS_DEPLOYMENT_TARGET = 14.3;
				MTL_ENABLE_DEBUG_INFO = INCLUDE_SOURCE;
				MTL_FAST_MATH = YES;
				ONLY_ACTIVE_ARCH = YES;
				SDKROOT = iphoneos;
				SWIFT_ACTIVE_COMPILATION_CONDITIONS = DEBUG;
				SWIFT_OPTIMIZATION_LEVEL = "-Onone";
			};
			name = Debug;
		};
		AB5BC762259F4282002EDF35 /* Release */ = {
			isa = XCBuildConfiguration;
			buildSettings = {
				ALWAYS_SEARCH_USER_PATHS = NO;
				CLANG_ANALYZER_NONNULL = YES;
				CLANG_ANALYZER_NUMBER_OBJECT_CONVERSION = YES_AGGRESSIVE;
				CLANG_CXX_LANGUAGE_STANDARD = "gnu++14";
				CLANG_CXX_LIBRARY = "libc++";
				CLANG_ENABLE_MODULES = YES;
				CLANG_ENABLE_OBJC_ARC = YES;
				CLANG_ENABLE_OBJC_WEAK = YES;
				CLANG_WARN_BLOCK_CAPTURE_AUTORELEASING = YES;
				CLANG_WARN_BOOL_CONVERSION = YES;
				CLANG_WARN_COMMA = YES;
				CLANG_WARN_CONSTANT_CONVERSION = YES;
				CLANG_WARN_DEPRECATED_OBJC_IMPLEMENTATIONS = YES;
				CLANG_WARN_DIRECT_OBJC_ISA_USAGE = YES_ERROR;
				CLANG_WARN_DOCUMENTATION_COMMENTS = YES;
				CLANG_WARN_EMPTY_BODY = YES;
				CLANG_WARN_ENUM_CONVERSION = YES;
				CLANG_WARN_INFINITE_RECURSION = YES;
				CLANG_WARN_INT_CONVERSION = YES;
				CLANG_WARN_NON_LITERAL_NULL_CONVERSION = YES;
				CLANG_WARN_OBJC_IMPLICIT_RETAIN_SELF = YES;
				CLANG_WARN_OBJC_LITERAL_CONVERSION = YES;
				CLANG_WARN_OBJC_ROOT_CLASS = YES_ERROR;
				CLANG_WARN_QUOTED_INCLUDE_IN_FRAMEWORK_HEADER = YES;
				CLANG_WARN_RANGE_LOOP_ANALYSIS = YES;
				CLANG_WARN_STRICT_PROTOTYPES = YES;
				CLANG_WARN_SUSPICIOUS_MOVE = YES;
				CLANG_WARN_UNGUARDED_AVAILABILITY = YES_AGGRESSIVE;
				CLANG_WARN_UNREACHABLE_CODE = YES;
				CLANG_WARN__DUPLICATE_METHOD_MATCH = YES;
				COPY_PHASE_STRIP = NO;
				DEBUG_INFORMATION_FORMAT = "dwarf-with-dsym";
				ENABLE_NS_ASSERTIONS = NO;
				ENABLE_STRICT_OBJC_MSGSEND = YES;
				GCC_C_LANGUAGE_STANDARD = gnu11;
				GCC_NO_COMMON_BLOCKS = YES;
				GCC_WARN_64_TO_32_BIT_CONVERSION = YES;
				GCC_WARN_ABOUT_RETURN_TYPE = YES_ERROR;
				GCC_WARN_UNDECLARED_SELECTOR = YES;
				GCC_WARN_UNINITIALIZED_AUTOS = YES_AGGRESSIVE;
				GCC_WARN_UNUSED_FUNCTION = YES;
				GCC_WARN_UNUSED_VARIABLE = YES;
				IPHONEOS_DEPLOYMENT_TARGET = 14.3;
				MTL_ENABLE_DEBUG_INFO = NO;
				MTL_FAST_MATH = YES;
				SDKROOT = iphoneos;
				SWIFT_COMPILATION_MODE = wholemodule;
				SWIFT_OPTIMIZATION_LEVEL = "-O";
				VALIDATE_PRODUCT = YES;
			};
			name = Release;
		};
		AB5BC764259F4282002EDF35 /* Debug */ = {
			isa = XCBuildConfiguration;
			buildSettings = {
				ASSETCATALOG_COMPILER_APPICON_NAME = AppIcon;
				ASSETCATALOG_COMPILER_GLOBAL_ACCENT_COLOR_NAME = AccentColor;
				CODE_SIGN_STYLE = Automatic;
				DEVELOPMENT_TEAM = 247V527KAQ;
				INFOPLIST_FILE = AR_100Days/Info.plist;
				IPHONEOS_DEPLOYMENT_TARGET = 14.0;
				LD_RUNPATH_SEARCH_PATHS = (
					"$(inherited)",
					"@executable_path/Frameworks",
				);
				PRODUCT_BUNDLE_IDENTIFIER = "tokyo.shmdevelopment.AR-100Days";
				PRODUCT_NAME = "$(TARGET_NAME)";
				SWIFT_OBJC_BRIDGING_HEADER = "AR_100Days/AR_100Days-Bridging-Header.h";
				SWIFT_VERSION = 5.0;
				TARGETED_DEVICE_FAMILY = "1,2";
			};
			name = Debug;
		};
		AB5BC765259F4282002EDF35 /* Release */ = {
			isa = XCBuildConfiguration;
			buildSettings = {
				ASSETCATALOG_COMPILER_APPICON_NAME = AppIcon;
				ASSETCATALOG_COMPILER_GLOBAL_ACCENT_COLOR_NAME = AccentColor;
				CODE_SIGN_STYLE = Automatic;
				DEVELOPMENT_TEAM = 247V527KAQ;
				INFOPLIST_FILE = AR_100Days/Info.plist;
				IPHONEOS_DEPLOYMENT_TARGET = 14.0;
				LD_RUNPATH_SEARCH_PATHS = (
					"$(inherited)",
					"@executable_path/Frameworks",
				);
				PRODUCT_BUNDLE_IDENTIFIER = "tokyo.shmdevelopment.AR-100Days";
				PRODUCT_NAME = "$(TARGET_NAME)";
				SWIFT_OBJC_BRIDGING_HEADER = "AR_100Days/AR_100Days-Bridging-Header.h";
				SWIFT_VERSION = 5.0;
				TARGETED_DEVICE_FAMILY = "1,2";
			};
			name = Release;
		};
/* End XCBuildConfiguration section */

/* Begin XCConfigurationList section */
		AB5BC74A259F4280002EDF35 /* Build configuration list for PBXProject "AR_100Days" */ = {
			isa = XCConfigurationList;
			buildConfigurations = (
				AB5BC761259F4282002EDF35 /* Debug */,
				AB5BC762259F4282002EDF35 /* Release */,
			);
			defaultConfigurationIsVisible = 0;
			defaultConfigurationName = Release;
		};
		AB5BC763259F4282002EDF35 /* Build configuration list for PBXNativeTarget "AR_100Days" */ = {
			isa = XCConfigurationList;
			buildConfigurations = (
				AB5BC764259F4282002EDF35 /* Debug */,
				AB5BC765259F4282002EDF35 /* Release */,
			);
			defaultConfigurationIsVisible = 0;
			defaultConfigurationName = Release;
		};
/* End XCConfigurationList section */
	};
	rootObject = AB5BC747259F4280002EDF35 /* Project object */;
}
