// !$*UTF8*$!
{
	archiveVersion = 1;
	classes = {
	};
	objectVersion = 50;
	objects = {

/* Begin PBXBuildFile section */
		AB5BC753259F4280002EDF35 /* AppDelegate.swift in Sources */ = {isa = PBXBuildFile; fileRef = AB5BC752259F4280002EDF35 /* AppDelegate.swift */; };
		AB5BC755259F4280002EDF35 /* SceneDelegate.swift in Sources */ = {isa = PBXBuildFile; fileRef = AB5BC754259F4280002EDF35 /* SceneDelegate.swift */; };
		AB5BC757259F4280002EDF35 /* RootViewController.swift in Sources */ = {isa = PBXBuildFile; fileRef = AB5BC756259F4280002EDF35 /* RootViewController.swift */; };
		AB5BC75A259F4280002EDF35 /* Main.storyboard in Resources */ = {isa = PBXBuildFile; fileRef = AB5BC758259F4280002EDF35 /* Main.storyboard */; };
		AB5BC75C259F4282002EDF35 /* Assets.xcassets in Resources */ = {isa = PBXBuildFile; fileRef = AB5BC75B259F4282002EDF35 /* Assets.xcassets */; };
		AB5BC75F259F4282002EDF35 /* LaunchScreen.storyboard in Resources */ = {isa = PBXBuildFile; fileRef = AB5BC75D259F4282002EDF35 /* LaunchScreen.storyboard */; };
		AB5BC7A0259F68C4002EDF35 /* Day1_ViewController.swift in Sources */ = {isa = PBXBuildFile; fileRef = AB5BC796259F68C4002EDF35 /* Day1_ViewController.swift */; };
		AB5BC7A1259F68C4002EDF35 /* sample_320x240.mp4 in Resources */ = {isa = PBXBuildFile; fileRef = AB5BC797259F68C4002EDF35 /* sample_320x240.mp4 */; };
		AB5BC7A4259F68C4002EDF35 /* Day1.storyboard in Resources */ = {isa = PBXBuildFile; fileRef = AB5BC79B259F68C4002EDF35 /* Day1.storyboard */; };
		AB5BC7BF25A09B0F002EDF35 /* Day2.storyboard in Resources */ = {isa = PBXBuildFile; fileRef = AB5BC7BE25A09B0F002EDF35 /* Day2.storyboard */; };
		AB5BC7C225A09B20002EDF35 /* Day2_ViewController.swift in Sources */ = {isa = PBXBuildFile; fileRef = AB5BC7C125A09B20002EDF35 /* Day2_ViewController.swift */; };
		AB5BC7C625A09BB9002EDF35 /* Day2_shaders.metal in Sources */ = {isa = PBXBuildFile; fileRef = AB5BC7C425A09BB9002EDF35 /* Day2_shaders.metal */; };
		AB5BC7C725A09BB9002EDF35 /* PlaneNode.swift in Sources */ = {isa = PBXBuildFile; fileRef = AB5BC7C525A09BB9002EDF35 /* PlaneNode.swift */; };
		AB5BC7CE25A09BF6002EDF35 /* SCNVectorHelpers.swift in Sources */ = {isa = PBXBuildFile; fileRef = AB5BC7CB25A09BF6002EDF35 /* SCNVectorHelpers.swift */; };
		AB5BC7CF25A09BF6002EDF35 /* ScnMatrix.swift in Sources */ = {isa = PBXBuildFile; fileRef = AB5BC7CC25A09BF6002EDF35 /* ScnMatrix.swift */; };
/* End PBXBuildFile section */

/* Begin PBXFileReference section */
		AB5BC74F259F4280002EDF35 /* AR_100Days.app */ = {isa = PBXFileReference; explicitFileType = wrapper.application; includeInIndex = 0; path = AR_100Days.app; sourceTree = BUILT_PRODUCTS_DIR; };
		AB5BC752259F4280002EDF35 /* AppDelegate.swift */ = {isa = PBXFileReference; lastKnownFileType = sourcecode.swift; path = AppDelegate.swift; sourceTree = "<group>"; };
		AB5BC754259F4280002EDF35 /* SceneDelegate.swift */ = {isa = PBXFileReference; lastKnownFileType = sourcecode.swift; path = SceneDelegate.swift; sourceTree = "<group>"; };
		AB5BC756259F4280002EDF35 /* RootViewController.swift */ = {isa = PBXFileReference; lastKnownFileType = sourcecode.swift; path = RootViewController.swift; sourceTree = "<group>"; };
		AB5BC759259F4280002EDF35 /* Base */ = {isa = PBXFileReference; lastKnownFileType = file.storyboard; name = Base; path = Base.lproj/Main.storyboard; sourceTree = "<group>"; };
		AB5BC75B259F4282002EDF35 /* Assets.xcassets */ = {isa = PBXFileReference; lastKnownFileType = folder.assetcatalog; path = Assets.xcassets; sourceTree = "<group>"; };
		AB5BC75E259F4282002EDF35 /* Base */ = {isa = PBXFileReference; lastKnownFileType = file.storyboard; name = Base; path = Base.lproj/LaunchScreen.storyboard; sourceTree = "<group>"; };
		AB5BC760259F4282002EDF35 /* Info.plist */ = {isa = PBXFileReference; lastKnownFileType = text.plist.xml; path = Info.plist; sourceTree = "<group>"; };
		AB5BC796259F68C4002EDF35 /* Day1_ViewController.swift */ = {isa = PBXFileReference; fileEncoding = 4; lastKnownFileType = sourcecode.swift; path = Day1_ViewController.swift; sourceTree = "<group>"; };
		AB5BC797259F68C4002EDF35 /* sample_320x240.mp4 */ = {isa = PBXFileReference; lastKnownFileType = file; path = sample_320x240.mp4; sourceTree = "<group>"; };
		AB5BC79C259F68C4002EDF35 /* Base */ = {isa = PBXFileReference; lastKnownFileType = file.storyboard; name = Base; path = Base.lproj/Day1.storyboard; sourceTree = "<group>"; };
		AB5BC7BE25A09B0F002EDF35 /* Day2.storyboard */ = {isa = PBXFileReference; lastKnownFileType = file.storyboard; path = Day2.storyboard; sourceTree = "<group>"; };
		AB5BC7C125A09B20002EDF35 /* Day2_ViewController.swift */ = {isa = PBXFileReference; lastKnownFileType = sourcecode.swift; path = Day2_ViewController.swift; sourceTree = "<group>"; };
		AB5BC7C425A09BB9002EDF35 /* Day2_shaders.metal */ = {isa = PBXFileReference; fileEncoding = 4; lastKnownFileType = sourcecode.metal; path = Day2_shaders.metal; sourceTree = "<group>"; };
		AB5BC7C525A09BB9002EDF35 /* PlaneNode.swift */ = {isa = PBXFileReference; fileEncoding = 4; lastKnownFileType = sourcecode.swift; path = PlaneNode.swift; sourceTree = "<group>"; };
		AB5BC7CB25A09BF6002EDF35 /* SCNVectorHelpers.swift */ = {isa = PBXFileReference; fileEncoding = 4; lastKnownFileType = sourcecode.swift; path = SCNVectorHelpers.swift; sourceTree = "<group>"; };
		AB5BC7CC25A09BF6002EDF35 /* ScnMatrix.swift */ = {isa = PBXFileReference; fileEncoding = 4; lastKnownFileType = sourcecode.swift; path = ScnMatrix.swift; sourceTree = "<group>"; };
/* End PBXFileReference section */

/* Begin PBXFrameworksBuildPhase section */
		AB5BC74C259F4280002EDF35 /* Frameworks */ = {
			isa = PBXFrameworksBuildPhase;
			buildActionMask = 2147483647;
			files = (
			);
			runOnlyForDeploymentPostprocessing = 0;
		};
/* End PBXFrameworksBuildPhase section */

/* Begin PBXGroup section */
		AB5BC746259F4280002EDF35 = {
			isa = PBXGroup;
			children = (
				AB5BC751259F4280002EDF35 /* AR_100Days */,
				AB5BC750259F4280002EDF35 /* Products */,
			);
			sourceTree = "<group>";
		};
		AB5BC750259F4280002EDF35 /* Products */ = {
			isa = PBXGroup;
			children = (
				AB5BC74F259F4280002EDF35 /* AR_100Days.app */,
			);
			name = Products;
			sourceTree = "<group>";
		};
		AB5BC751259F4280002EDF35 /* AR_100Days */ = {
			isa = PBXGroup;
			children = (
				AB5BC769259F439E002EDF35 /* Days */,
				AB5BC768259F4396002EDF35 /* Resources */,
				AB5BC752259F4280002EDF35 /* AppDelegate.swift */,
				AB5BC754259F4280002EDF35 /* SceneDelegate.swift */,
				AB5BC756259F4280002EDF35 /* RootViewController.swift */,
				AB5BC758259F4280002EDF35 /* Main.storyboard */,
				AB5BC75B259F4282002EDF35 /* Assets.xcassets */,
				AB5BC75D259F4282002EDF35 /* LaunchScreen.storyboard */,
				AB5BC760259F4282002EDF35 /* Info.plist */,
			);
			path = AR_100Days;
			sourceTree = "<group>";
		};
		AB5BC768259F4396002EDF35 /* Resources */ = {
			isa = PBXGroup;
			children = (
				AB5BC797259F68C4002EDF35 /* sample_320x240.mp4 */,
			);
			path = Resources;
			sourceTree = "<group>";
		};
		AB5BC769259F439E002EDF35 /* Days */ = {
			isa = PBXGroup;
			children = (
				AB5BC7BD25A09AFB002EDF35 /* Day2 */,
				AB5BC795259F68C4002EDF35 /* Day1 */,
			);
			path = Days;
			sourceTree = "<group>";
		};
		AB5BC795259F68C4002EDF35 /* Day1 */ = {
			isa = PBXGroup;
			children = (
				AB5BC796259F68C4002EDF35 /* Day1_ViewController.swift */,
				AB5BC79B259F68C4002EDF35 /* Day1.storyboard */,
			);
			path = Day1;
			sourceTree = "<group>";
		};
		AB5BC7BD25A09AFB002EDF35 /* Day2 */ = {
			isa = PBXGroup;
			children = (
				AB5BC7C925A09BF6002EDF35 /* Extensions */,
				AB5BC7C525A09BB9002EDF35 /* PlaneNode.swift */,
				AB5BC7C425A09BB9002EDF35 /* Day2_shaders.metal */,
				AB5BC7C125A09B20002EDF35 /* Day2_ViewController.swift */,
				AB5BC7BE25A09B0F002EDF35 /* Day2.storyboard */,
			);
			path = Day2;
			sourceTree = "<group>";
		};
		AB5BC7C925A09BF6002EDF35 /* Extensions */ = {
			isa = PBXGroup;
			children = (
				AB5BC7CB25A09BF6002EDF35 /* SCNVectorHelpers.swift */,
				AB5BC7CC25A09BF6002EDF35 /* ScnMatrix.swift */,
			);
			path = Extensions;
			sourceTree = "<group>";
		};
/* End PBXGroup section */

/* Begin PBXNativeTarget section */
		AB5BC74E259F4280002EDF35 /* AR_100Days */ = {
			isa = PBXNativeTarget;
			buildConfigurationList = AB5BC763259F4282002EDF35 /* Build configuration list for PBXNativeTarget "AR_100Days" */;
			buildPhases = (
				AB5BC74B259F4280002EDF35 /* Sources */,
				AB5BC74C259F4280002EDF35 /* Frameworks */,
				AB5BC74D259F4280002EDF35 /* Resources */,
			);
			buildRules = (
			);
			dependencies = (
			);
			name = AR_100Days;
			productName = AR_100Days;
			productReference = AB5BC74F259F4280002EDF35 /* AR_100Days.app */;
			productType = "com.apple.product-type.application";
		};
/* End PBXNativeTarget section */

/* Begin PBXProject section */
		AB5BC747259F4280002EDF35 /* Project object */ = {
			isa = PBXProject;
			attributes = {
				LastSwiftUpdateCheck = 1230;
				LastUpgradeCheck = 1230;
				TargetAttributes = {
					AB5BC74E259F4280002EDF35 = {
						CreatedOnToolsVersion = 12.3;
					};
				};
			};
			buildConfigurationList = AB5BC74A259F4280002EDF35 /* Build configuration list for PBXProject "AR_100Days" */;
			compatibilityVersion = "Xcode 9.3";
			developmentRegion = en;
			hasScannedForEncodings = 0;
			knownRegions = (
				en,
				Base,
			);
			mainGroup = AB5BC746259F4280002EDF35;
			productRefGroup = AB5BC750259F4280002EDF35 /* Products */;
			projectDirPath = "";
			projectRoot = "";
			targets = (
				AB5BC74E259F4280002EDF35 /* AR_100Days */,
			);
		};
/* End PBXProject section */

/* Begin PBXResourcesBuildPhase section */
		AB5BC74D259F4280002EDF35 /* Resources */ = {
			isa = PBXResourcesBuildPhase;
			buildActionMask = 2147483647;
			files = (
				AB5BC7A4259F68C4002EDF35 /* Day1.storyboard in Resources */,
				AB5BC75F259F4282002EDF35 /* LaunchScreen.storyboard in Resources */,
				AB5BC7A1259F68C4002EDF35 /* sample_320x240.mp4 in Resources */,
				AB5BC75C259F4282002EDF35 /* Assets.xcassets in Resources */,
				AB5BC7BF25A09B0F002EDF35 /* Day2.storyboard in Resources */,
				AB5BC75A259F4280002EDF35 /* Main.storyboard in Resources */,
			);
			runOnlyForDeploymentPostprocessing = 0;
		};
/* End PBXResourcesBuildPhase section */

/* Begin PBXSourcesBuildPhase section */
		AB5BC74B259F4280002EDF35 /* Sources */ = {
			isa = PBXSourcesBuildPhase;
			buildActionMask = 2147483647;
			files = (
				AB5BC7CF25A09BF6002EDF35 /* ScnMatrix.swift in Sources */,
				AB5BC7C725A09BB9002EDF35 /* PlaneNode.swift in Sources */,
				AB5BC7A0259F68C4002EDF35 /* Day1_ViewController.swift in Sources */,
				AB5BC7C225A09B20002EDF35 /* Day2_ViewController.swift in Sources */,
				AB5BC7C625A09BB9002EDF35 /* Day2_shaders.metal in Sources */,
				AB5BC757259F4280002EDF35 /* RootViewController.swift in Sources */,
				AB5BC753259F4280002EDF35 /* AppDelegate.swift in Sources */,
				AB5BC755259F4280002EDF35 /* SceneDelegate.swift in Sources */,
				AB5BC7CE25A09BF6002EDF35 /* SCNVectorHelpers.swift in Sources */,
			);
			runOnlyForDeploymentPostprocessing = 0;
		};
/* End PBXSourcesBuildPhase section */

/* Begin PBXVariantGroup section */
		AB5BC758259F4280002EDF35 /* Main.storyboard */ = {
			isa = PBXVariantGroup;
			children = (
				AB5BC759259F4280002EDF35 /* Base */,
			);
			name = Main.storyboard;
			sourceTree = "<group>";
		};
		AB5BC75D259F4282002EDF35 /* LaunchScreen.storyboard */ = {
			isa = PBXVariantGroup;
			children = (
				AB5BC75E259F4282002EDF35 /* Base */,
			);
			name = LaunchScreen.storyboard;
			sourceTree = "<group>";
		};
		AB5BC79B259F68C4002EDF35 /* Day1.storyboard */ = {
			isa = PBXVariantGroup;
			children = (
				AB5BC79C259F68C4002EDF35 /* Base */,
			);
			name = Day1.storyboard;
			sourceTree = "<group>";
		};
/* End PBXVariantGroup section */

/* Begin XCBuildConfiguration section */
		AB5BC761259F4282002EDF35 /* Debug */ = {
			isa = XCBuildConfiguration;
			buildSettings = {
				ALWAYS_SEARCH_USER_PATHS = NO;
				CLANG_ANALYZER_NONNULL = YES;
				CLANG_ANALYZER_NUMBER_OBJECT_CONVERSION = YES_AGGRESSIVE;
				CLANG_CXX_LANGUAGE_STANDARD = "gnu++14";
				CLANG_CXX_LIBRARY = "libc++";
				CLANG_ENABLE_MODULES = YES;
				CLANG_ENABLE_OBJC_ARC = YES;
				CLANG_ENABLE_OBJC_WEAK = YES;
				CLANG_WARN_BLOCK_CAPTURE_AUTORELEASING = YES;
				CLANG_WARN_BOOL_CONVERSION = YES;
				CLANG_WARN_COMMA = YES;
				CLANG_WARN_CONSTANT_CONVERSION = YES;
				CLANG_WARN_DEPRECATED_OBJC_IMPLEMENTATIONS = YES;
				CLANG_WARN_DIRECT_OBJC_ISA_USAGE = YES_ERROR;
				CLANG_WARN_DOCUMENTATION_COMMENTS = YES;
				CLANG_WARN_EMPTY_BODY = YES;
				CLANG_WARN_ENUM_CONVERSION = YES;
				CLANG_WARN_INFINITE_RECURSION = YES;
				CLANG_WARN_INT_CONVERSION = YES;
				CLANG_WARN_NON_LITERAL_NULL_CONVERSION = YES;
				CLANG_WARN_OBJC_IMPLICIT_RETAIN_SELF = YES;
				CLANG_WARN_OBJC_LITERAL_CONVERSION = YES;
				CLANG_WARN_OBJC_ROOT_CLASS = YES_ERROR;
				CLANG_WARN_QUOTED_INCLUDE_IN_FRAMEWORK_HEADER = YES;
				CLANG_WARN_RANGE_LOOP_ANALYSIS = YES;
				CLANG_WARN_STRICT_PROTOTYPES = YES;
				CLANG_WARN_SUSPICIOUS_MOVE = YES;
				CLANG_WARN_UNGUARDED_AVAILABILITY = YES_AGGRESSIVE;
				CLANG_WARN_UNREACHABLE_CODE = YES;
				CLANG_WARN__DUPLICATE_METHOD_MATCH = YES;
				COPY_PHASE_STRIP = NO;
				DEBUG_INFORMATION_FORMAT = dwarf;
				ENABLE_STRICT_OBJC_MSGSEND = YES;
				ENABLE_TESTABILITY = YES;
				GCC_C_LANGUAGE_STANDARD = gnu11;
				GCC_DYNAMIC_NO_PIC = NO;
				GCC_NO_COMMON_BLOCKS = YES;
				GCC_OPTIMIZATION_LEVEL = 0;
				GCC_PREPROCESSOR_DEFINITIONS = (
					"DEBUG=1",
					"$(inherited)",
				);
				GCC_WARN_64_TO_32_BIT_CONVERSION = YES;
				GCC_WARN_ABOUT_RETURN_TYPE = YES_ERROR;
				GCC_WARN_UNDECLARED_SELECTOR = YES;
				GCC_WARN_UNINITIALIZED_AUTOS = YES_AGGRESSIVE;
				GCC_WARN_UNUSED_FUNCTION = YES;
				GCC_WARN_UNUSED_VARIABLE = YES;
				IPHONEOS_DEPLOYMENT_TARGET = 14.3;
				MTL_ENABLE_DEBUG_INFO = INCLUDE_SOURCE;
				MTL_FAST_MATH = YES;
				ONLY_ACTIVE_ARCH = YES;
				SDKROOT = iphoneos;
				SWIFT_ACTIVE_COMPILATION_CONDITIONS = DEBUG;
				SWIFT_OPTIMIZATION_LEVEL = "-Onone";
			};
			name = Debug;
		};
		AB5BC762259F4282002EDF35 /* Release */ = {
			isa = XCBuildConfiguration;
			buildSettings = {
				ALWAYS_SEARCH_USER_PATHS = NO;
				CLANG_ANALYZER_NONNULL = YES;
				CLANG_ANALYZER_NUMBER_OBJECT_CONVERSION = YES_AGGRESSIVE;
				CLANG_CXX_LANGUAGE_STANDARD = "gnu++14";
				CLANG_CXX_LIBRARY = "libc++";
				CLANG_ENABLE_MODULES = YES;
				CLANG_ENABLE_OBJC_ARC = YES;
				CLANG_ENABLE_OBJC_WEAK = YES;
				CLANG_WARN_BLOCK_CAPTURE_AUTORELEASING = YES;
				CLANG_WARN_BOOL_CONVERSION = YES;
				CLANG_WARN_COMMA = YES;
				CLANG_WARN_CONSTANT_CONVERSION = YES;
				CLANG_WARN_DEPRECATED_OBJC_IMPLEMENTATIONS = YES;
				CLANG_WARN_DIRECT_OBJC_ISA_USAGE = YES_ERROR;
				CLANG_WARN_DOCUMENTATION_COMMENTS = YES;
				CLANG_WARN_EMPTY_BODY = YES;
				CLANG_WARN_ENUM_CONVERSION = YES;
				CLANG_WARN_INFINITE_RECURSION = YES;
				CLANG_WARN_INT_CONVERSION = YES;
				CLANG_WARN_NON_LITERAL_NULL_CONVERSION = YES;
				CLANG_WARN_OBJC_IMPLICIT_RETAIN_SELF = YES;
				CLANG_WARN_OBJC_LITERAL_CONVERSION = YES;
				CLANG_WARN_OBJC_ROOT_CLASS = YES_ERROR;
				CLANG_WARN_QUOTED_INCLUDE_IN_FRAMEWORK_HEADER = YES;
				CLANG_WARN_RANGE_LOOP_ANALYSIS = YES;
				CLANG_WARN_STRICT_PROTOTYPES = YES;
				CLANG_WARN_SUSPICIOUS_MOVE = YES;
				CLANG_WARN_UNGUARDED_AVAILABILITY = YES_AGGRESSIVE;
				CLANG_WARN_UNREACHABLE_CODE = YES;
				CLANG_WARN__DUPLICATE_METHOD_MATCH = YES;
				COPY_PHASE_STRIP = NO;
				DEBUG_INFORMATION_FORMAT = "dwarf-with-dsym";
				ENABLE_NS_ASSERTIONS = NO;
				ENABLE_STRICT_OBJC_MSGSEND = YES;
				GCC_C_LANGUAGE_STANDARD = gnu11;
				GCC_NO_COMMON_BLOCKS = YES;
				GCC_WARN_64_TO_32_BIT_CONVERSION = YES;
				GCC_WARN_ABOUT_RETURN_TYPE = YES_ERROR;
				GCC_WARN_UNDECLARED_SELECTOR = YES;
				GCC_WARN_UNINITIALIZED_AUTOS = YES_AGGRESSIVE;
				GCC_WARN_UNUSED_FUNCTION = YES;
				GCC_WARN_UNUSED_VARIABLE = YES;
				IPHONEOS_DEPLOYMENT_TARGET = 14.3;
				MTL_ENABLE_DEBUG_INFO = NO;
				MTL_FAST_MATH = YES;
				SDKROOT = iphoneos;
				SWIFT_COMPILATION_MODE = wholemodule;
				SWIFT_OPTIMIZATION_LEVEL = "-O";
				VALIDATE_PRODUCT = YES;
			};
			name = Release;
		};
		AB5BC764259F4282002EDF35 /* Debug */ = {
			isa = XCBuildConfiguration;
			buildSettings = {
				ASSETCATALOG_COMPILER_APPICON_NAME = AppIcon;
				ASSETCATALOG_COMPILER_GLOBAL_ACCENT_COLOR_NAME = AccentColor;
				CODE_SIGN_STYLE = Automatic;
				DEVELOPMENT_TEAM = 247V527KAQ;
				INFOPLIST_FILE = AR_100Days/Info.plist;
				LD_RUNPATH_SEARCH_PATHS = (
					"$(inherited)",
					"@executable_path/Frameworks",
				);
				PRODUCT_BUNDLE_IDENTIFIER = "tokyo.shmdevelopment.AR-100Days";
				PRODUCT_NAME = "$(TARGET_NAME)";
				SWIFT_VERSION = 5.0;
				TARGETED_DEVICE_FAMILY = "1,2";
			};
			name = Debug;
		};
		AB5BC765259F4282002EDF35 /* Release */ = {
			isa = XCBuildConfiguration;
			buildSettings = {
				ASSETCATALOG_COMPILER_APPICON_NAME = AppIcon;
				ASSETCATALOG_COMPILER_GLOBAL_ACCENT_COLOR_NAME = AccentColor;
				CODE_SIGN_STYLE = Automatic;
				DEVELOPMENT_TEAM = 247V527KAQ;
				INFOPLIST_FILE = AR_100Days/Info.plist;
				LD_RUNPATH_SEARCH_PATHS = (
					"$(inherited)",
					"@executable_path/Frameworks",
				);
				PRODUCT_BUNDLE_IDENTIFIER = "tokyo.shmdevelopment.AR-100Days";
				PRODUCT_NAME = "$(TARGET_NAME)";
				SWIFT_VERSION = 5.0;
				TARGETED_DEVICE_FAMILY = "1,2";
			};
			name = Release;
		};
/* End XCBuildConfiguration section */

/* Begin XCConfigurationList section */
		AB5BC74A259F4280002EDF35 /* Build configuration list for PBXProject "AR_100Days" */ = {
			isa = XCConfigurationList;
			buildConfigurations = (
				AB5BC761259F4282002EDF35 /* Debug */,
				AB5BC762259F4282002EDF35 /* Release */,
			);
			defaultConfigurationIsVisible = 0;
			defaultConfigurationName = Release;
		};
		AB5BC763259F4282002EDF35 /* Build configuration list for PBXNativeTarget "AR_100Days" */ = {
			isa = XCConfigurationList;
			buildConfigurations = (
				AB5BC764259F4282002EDF35 /* Debug */,
				AB5BC765259F4282002EDF35 /* Release */,
			);
			defaultConfigurationIsVisible = 0;
			defaultConfigurationName = Release;
		};
/* End XCConfigurationList section */
	};
	rootObject = AB5BC747259F4280002EDF35 /* Project object */;
}
